{
  "nodes": {
    "_1password-shell-plugins": {
      "inputs": {
        "nixpkgs": [
          "nixpkgs"
        ],
        "systems": "systems"
      },
      "locked": {
        "lastModified": 1756860511,
        "narHash": "sha256-AA8vN5YMXcCznWfaH/2AgtRNpZPG4wvbLTT79u0b+LU=",
        "owner": "1Password",
        "repo": "shell-plugins",
        "rev": "49810df8fe11221250a890191185c6e59aea8d1e",
        "type": "github"
      },
      "original": {
        "owner": "1Password",
        "repo": "shell-plugins",
        "type": "github"
      }
    },
    "atlas": {
      "inputs": {
        "crane": [
          "crane"
        ],
        "fenix": [
          "fenix"
        ],
        "nixpkgs": [
          "nixpkgs"
        ]
      },
      "locked": {
        "lastModified": 1773335636,
        "narHash": "sha256-t+Xwke2HEbzxVoWptG6nwQd29ayQxyiXsBADyNikvsg=",
        "ref": "refs/heads/master",
        "rev": "6df98d35b544c2b358b73bdd6d0b05ad120dde4f",
        "revCount": 151,
        "type": "git",
        "url": "ssh://git@github.com-bitgo/BitGo/atlas"
      },
      "original": {
        "type": "git",
        "url": "ssh://git@github.com-bitgo/BitGo/atlas"
      }
    },
    "aws-console-bitgo": {
      "inputs": {
        "nixpkgs": [
          "nixpkgs"
        ]
      },
      "locked": {
        "lastModified": 1763570717,
        "narHash": "sha256-wzdIl5rTmz61z0US6NQrD1ECeVXYwCay+CzILcZ8sKw=",
        "ref": "refs/heads/master",
        "rev": "b2bd6fce4891b2185a09a4437fba3d94c9902d18",
        "revCount": 62,
        "type": "git",
        "url": "ssh://git@github.com-bitgo/bitgo/aws-console"
      },
      "original": {
        "type": "git",
        "url": "ssh://git@github.com-bitgo/bitgo/aws-console"
      }
    },
    "aws-saml-bitgo": {
      "inputs": {
        "nixpkgs": [
          "nixpkgs"
        ]
      },
      "locked": {
        "lastModified": 1763597685,
        "narHash": "sha256-IyA6CPzTJxk2rFc2LaIKcGZ/szZjeFRCb+wFIv0qRqY=",
        "ref": "refs/heads/master",
        "rev": "cf527d5efcdae1d1d17ef2bbf68c7a7d8ab5d932",
        "revCount": 61,
        "type": "git",
        "url": "ssh://git@github.com-bitgo/bitgo/aws-saml"
      },
      "original": {
        "type": "git",
        "url": "ssh://git@github.com-bitgo/bitgo/aws-saml"
      }
    },
    "bash-barrier": {
      "inputs": {
        "nixpkgs": [
          "nixpkgs"
        ]
      },
      "locked": {
        "lastModified": 1683549509,
        "narHash": "sha256-yGjcKk9K7CKkdwIfcxDgZhB9ElvYdE37CToRjF6AKbA=",
        "owner": "ericcrosson",
        "repo": "bash-barrier",
        "rev": "bdaa4d1f67a4451f7858a35dbf9b92a1c9a27e9f",
        "type": "github"
      },
      "original": {
        "owner": "ericcrosson",
        "repo": "bash-barrier",
        "type": "github"
      }
    },
    "batch-edit-prs": {
      "inputs": {
        "nixpkgs": [
          "nixpkgs"
        ],
        "pre-commit-hooks": "pre-commit-hooks"
      },
      "locked": {
        "lastModified": 1773400023,
        "narHash": "sha256-EkE0QJRYYqWIRZhL7FkVXcXGwQwf0PJqg8qGXyLOLs0=",
        "owner": "ericcrosson",
        "repo": "batch-edit-prs",
        "rev": "b1d112230250295599bfd1e1a932ec9d442a773f",
        "type": "github"
      },
      "original": {
        "owner": "ericcrosson",
        "repo": "batch-edit-prs",
        "type": "github"
      }
    },
    "bell": {
      "inputs": {
        "nixpkgs": [
          "nixpkgs"
        ]
      },
      "locked": {
        "lastModified": 1746372299,
        "narHash": "sha256-qnS7Ok0hL5yFvSDzpLbWr/fr1sbTBMdFsC6JIih9ESI=",
        "owner": "ericcrosson",
        "repo": "bell",
        "rev": "c8fb267997ecc156da3555cc511f1c4a4b447713",
        "type": "github"
      },
      "original": {
        "owner": "ericcrosson",
        "repo": "bell",
        "type": "github"
      }
    },
    "cortex": {
      "inputs": {
        "crane": [
          "crane"
        ],
        "fenix": [
          "fenix"
        ],
        "nixpkgs": [
          "nixpkgs"
        ]
      },
      "locked": {
        "lastModified": 1772825926,
        "narHash": "sha256-SomLdNJ3edmC5liMzL3pi/+sFqU8PtrXBOY6lh/GQvc=",
        "ref": "refs/heads/master",
        "rev": "f4f52bba2e2a6b7aadce70765ba9327491a61ee3",
        "revCount": 215,
        "type": "git",
        "url": "ssh://git@github.com-bitgo/BitGo/cortex"
      },
      "original": {
        "type": "git",
        "url": "ssh://git@github.com-bitgo/BitGo/cortex"
      }
    },
    "crane": {
      "locked": {
        "lastModified": 1773189535,
        "narHash": "sha256-E1G/Or6MWeP+L6mpQ0iTFLpzSzlpGrITfU2220Gq47g=",
        "owner": "ipetkov",
        "repo": "crane",
        "rev": "6fa2fb4cf4a89ba49fc9dd5a3eb6cde99d388269",
        "type": "github"
      },
      "original": {
        "owner": "ipetkov",
        "repo": "crane",
        "type": "github"
      }
    },
    "fenix": {
      "inputs": {
        "nixpkgs": [
          "nixpkgs"
        ],
        "rust-analyzer-src": "rust-analyzer-src"
      },
      "locked": {
        "lastModified": 1773471952,
        "narHash": "sha256-kIRggXyT8RzijtfvyRIzj+zIDWM2fnCp8t0X4BkkTVc=",
        "owner": "nix-community",
        "repo": "fenix",
        "rev": "a1b770adbc3f6c27485d03b90462ec414d4e1ce5",
        "type": "github"
      },
      "original": {
        "owner": "nix-community",
        "repo": "fenix",
        "type": "github"
      }
    },
    "flake-compat": {
      "flake": false,
      "locked": {
        "lastModified": 1696426674,
        "narHash": "sha256-kvjfFW7WAETZlt09AgDn1MrtKzP7t90Vf7vypd3OL1U=",
        "owner": "edolstra",
        "repo": "flake-compat",
        "rev": "0f9255e01c2351cc7d116c072cb317785dd33b33",
        "type": "github"
      },
      "original": {
        "owner": "edolstra",
        "repo": "flake-compat",
        "type": "github"
      }
    },
    "flake-utils": {
      "inputs": {
        "systems": "systems_2"
      },
      "locked": {
        "lastModified": 1694529238,
        "narHash": "sha256-zsNZZGTGnMOf9YpHKJqMSsa0dXbfmxeoJ7xHlrt+xmY=",
        "owner": "numtide",
        "repo": "flake-utils",
        "rev": "ff7b65b44d01cf9ba6a71320833626af21126384",
        "type": "github"
      },
      "original": {
        "owner": "numtide",
        "repo": "flake-utils",
        "type": "github"
      }
    },
    "gh-agent": {
      "inputs": {
        "git-hooks": "git-hooks",
        "nixpkgs": [
          "nixpkgs"
        ]
      },
      "locked": {
        "lastModified": 1763738311,
        "narHash": "sha256-4Ei1B6Hiqy97+rhGQ+fuhFnZcgZrIaCYPwVXZnHc/rQ=",
        "ref": "refs/heads/master",
        "rev": "0cf818bc137e42d3723bd2deeaa15f2f3d755bdb",
        "revCount": 20,
        "type": "git",
        "url": "ssh://git@github.com-bitgo/bitgo/gh-agent"
      },
      "original": {
        "type": "git",
        "url": "ssh://git@github.com-bitgo/bitgo/gh-agent"
      }
    },
    "gh-arm": {
      "inputs": {
        "nixpkgs": [
          "nixpkgs"
        ]
      },
      "locked": {
        "lastModified": 1757077859,
        "narHash": "sha256-Ok+0hsTBHAuS5Bf1JMH7qGEMOSJkXKSBFnSPEx328Y4=",
        "owner": "ericcrosson",
        "repo": "gh-arm",
        "rev": "d033e2e5fcc24380d77ad08d5f302cd303b3b5fa",
        "type": "github"
      },
      "original": {
        "owner": "ericcrosson",
        "repo": "gh-arm",
        "type": "github"
      }
    },
    "gh-automerge": {
      "inputs": {
        "nixpkgs": [
          "nixpkgs"
        ]
      },
      "locked": {
        "lastModified": 1756159234,
        "narHash": "sha256-FersjXF+rI9ps/ffRapuDq+W4cx7xrpRnqqGi99i3Jo=",
        "owner": "ericcrosson",
        "repo": "gh-automerge",
        "rev": "fb51697043423f16199d09cb764497232943aff5",
        "type": "github"
      },
      "original": {
        "owner": "ericcrosson",
        "repo": "gh-automerge",
        "type": "github"
      }
    },
    "git-diff-regex": {
      "inputs": {
        "nixpkgs": [
          "nixpkgs"
        ]
      },
      "locked": {
        "lastModified": 1687745220,
        "narHash": "sha256-aX3XrKPh/zzylZN7YMG5tuYOclSw2d56Ege5ip3o6c4=",
        "owner": "ericcrosson",
        "repo": "git-diff-regex",
        "rev": "c31aa3fc7ae0d29c97002531bbd4864a0b7ddfb6",
        "type": "github"
      },
      "original": {
        "owner": "ericcrosson",
        "repo": "git-diff-regex",
        "type": "github"
      }
    },
    "git-disjoint": {
      "inputs": {
        "crane": [
          "crane"
        ],
        "fenix": [
          "fenix"
        ],
        "nixpkgs": [
          "nixpkgs"
        ]
      },
      "locked": {
        "lastModified": 1773380548,
        "narHash": "sha256-1mGpUsJT/9tGDkpzz6DGsOV57T0H2KJZsetxNPdRCVc=",
        "owner": "ericcrosson",
        "repo": "git-disjoint",
        "rev": "e5dc61a756d02d8d5e1bfb53871a0f54ddc7e26a",
        "type": "github"
      },
      "original": {
        "owner": "ericcrosson",
        "repo": "git-disjoint",
        "type": "github"
      }
    },
    "git-dl": {
      "inputs": {
        "crane": [
          "crane"
        ],
        "fenix": [
          "fenix"
        ],
        "nixpkgs": [
          "nixpkgs"
        ]
      },
      "locked": {
        "lastModified": 1772811853,
        "narHash": "sha256-mqlfrc7DuJ2MyagohFmuW5L9thjCZuz2nCZnZVA8+CM=",
        "owner": "ericcrosson",
        "repo": "git-dl",
        "rev": "3c2c60dcc69e958b02bb6998e3fc15415bfa13f9",
        "type": "github"
      },
      "original": {
        "owner": "ericcrosson",
        "repo": "git-dl",
        "type": "github"
      }
    },
    "git-hooks": {
      "inputs": {
        "flake-compat": "flake-compat",
        "gitignore": "gitignore",
        "nixpkgs": [
          "gh-agent",
          "nixpkgs"
        ]
      },
      "locked": {
        "lastModified": 1742649964,
        "narHash": "sha256-DwOTp7nvfi8mRfuL1escHDXabVXFGT1VlPD1JHrtrco=",
        "owner": "cachix",
        "repo": "git-hooks.nix",
        "rev": "dcf5072734cb576d2b0c59b2ac44f5050b5eac82",
        "type": "github"
      },
      "original": {
        "owner": "cachix",
        "repo": "git-hooks.nix",
        "type": "github"
      }
    },
    "git-review": {
      "inputs": {
        "nixpkgs": [
          "nixpkgs"
        ]
      },
      "locked": {
        "lastModified": 1738713392,
        "narHash": "sha256-mq++qR38aDz2utHgyEpPNPjNT048Q583WxKYMTFBOC0=",
        "owner": "ericcrosson",
        "repo": "git-review",
        "rev": "bf836a14835d7833df43b439cbca30e69322ac60",
        "type": "github"
      },
      "original": {
        "owner": "ericcrosson",
        "repo": "git-review",
        "type": "github"
      }
    },
    "gitignore": {
      "inputs": {
        "nixpkgs": [
          "gh-agent",
          "git-hooks",
          "nixpkgs"
        ]
      },
      "locked": {
        "lastModified": 1709087332,
        "narHash": "sha256-HG2cCnktfHsKV0s4XW83gU3F57gaTljL9KNSuG6bnQs=",
        "owner": "hercules-ci",
        "repo": "gitignore.nix",
        "rev": "637db329424fd7e46cf4185293b9cc8c88c95394",
        "type": "github"
      },
      "original": {
        "owner": "hercules-ci",
        "repo": "gitignore.nix",
        "type": "github"
      }
    },
    "helix": {
      "inputs": {
        "nixpkgs": [
          "nixpkgs"
        ],
        "rust-overlay": "rust-overlay"
      },
      "locked": {
        "lastModified": 1773173502,
        "narHash": "sha256-DEQy04W/+AM7oLIbndTha3//GLJkOksOTGy3HK0/4+w=",
        "owner": "helix-editor",
        "repo": "helix",
        "rev": "78b999f11eb67de3ed4cd9946ad71fc00b8737c7",
        "type": "github"
      },
      "original": {
        "owner": "helix-editor",
        "repo": "helix",
        "type": "github"
      }
    },
    "home-manager": {
      "inputs": {
        "nixpkgs": [
          "nixpkgs"
        ]
      },
      "locked": {
        "lastModified": 1773367248,
        "narHash": "sha256-FFMc1uAwy2GYasd0rdNDVxKyAgzuoJH2M+GglBQbqf0=",
        "owner": "nix-community",
        "repo": "home-manager",
        "rev": "be0c641a6a5564caa33982faa1fe2c60d92131c7",
        "type": "github"
      },
      "original": {
        "owner": "nix-community",
        "repo": "home-manager",
        "type": "github"
      }
    },
    "mcp-servers-nix": {
      "inputs": {
        "nixpkgs": [
          "nixpkgs"
        ]
      },
      "locked": {
        "lastModified": 1773341271,
        "narHash": "sha256-Uj5n0sCdBh6gR1WVRYh/1uFMMkGBoGMp/Ky4iwMDIA8=",
        "owner": "natsukium",
        "repo": "mcp-servers-nix",
        "rev": "a69c3f609d719bcafadebf7954f4c546d97ad155",
        "type": "github"
      },
      "original": {
        "owner": "natsukium",
        "repo": "mcp-servers-nix",
        "type": "github"
      }
    },
    "nix-darwin": {
      "inputs": {
        "nixpkgs": [
          "nixpkgs"
        ]
      },
      "locked": {
        "lastModified": 1773000227,
        "narHash": "sha256-zm3ftUQw0MPumYi91HovoGhgyZBlM4o3Zy0LhPNwzXE=",
        "owner": "lnl7",
        "repo": "nix-darwin",
        "rev": "da529ac9e46f25ed5616fd634079a5f3c579135f",
        "type": "github"
      },
      "original": {
        "owner": "lnl7",
        "repo": "nix-darwin",
        "type": "github"
      }
    },
    "nixpkgs": {
      "locked": {
        "lastModified": 1773282481,
        "narHash": "sha256-b/GV2ysM8mKHhinse2wz+uP37epUrSE+sAKXy/xvBY4=",
        "owner": "nixos",
        "repo": "nixpkgs",
        "rev": "fe416aaedd397cacb33a610b33d60ff2b431b127",
        "type": "github"
      },
      "original": {
        "owner": "nixos",
        "ref": "nixos-unstable",
        "repo": "nixpkgs",
        "type": "github"
      }
    },
    "npm-dep-version": {
      "inputs": {
        "nixpkgs": [
          "nixpkgs"
        ]
      },
      "locked": {
        "lastModified": 1746372297,
        "narHash": "sha256-UEEsk2Ey2EHbVxx+Me0thOkpc3fYMtDiZaePgRTFMNw=",
        "owner": "ericcrosson",
        "repo": "npm-dep-version",
        "rev": "858228103eb8872091e9f0647155c53449eb1513",
        "type": "github"
      },
      "original": {
        "owner": "ericcrosson",
        "repo": "npm-dep-version",
        "type": "github"
      }
    },
    "pre-commit-hooks": {
      "inputs": {
        "flake-utils": "flake-utils",
        "nixpkgs": [
          "batch-edit-prs",
          "nixpkgs"
        ]
      },
      "locked": {
        "lastModified": 1667992213,
        "narHash": "sha256-8Ens8ozllvlaFMCZBxg6S7oUyynYx2v7yleC5M0jJsE=",
        "owner": "cachix",
        "repo": "pre-commit-hooks.nix",
        "rev": "ebcbfe09d2bd6d15f68de3a0ebb1e4dcb5cd324b",
        "type": "github"
      },
      "original": {
        "owner": "cachix",
        "repo": "pre-commit-hooks.nix",
        "type": "github"
      }
    },
    "retry": {
      "inputs": {
        "crane": [
          "crane"
        ],
        "fenix": [
          "fenix"
        ],
        "nixpkgs": [
          "nixpkgs"
        ]
      },
      "locked": {
        "lastModified": 1772811854,
        "narHash": "sha256-xBPRgY7sdnNY0AneIobmJkcgZ9haoCP5O0cdReD2u+E=",
        "owner": "ericcrosson",
        "repo": "retry",
        "rev": "620f4fbca9873a4686e810f41f1da5e93d833daf",
        "type": "github"
      },
      "original": {
        "owner": "ericcrosson",
        "repo": "retry",
        "type": "github"
      }
    },
    "root": {
      "inputs": {
        "_1password-shell-plugins": "_1password-shell-plugins",
        "atlas": "atlas",
        "aws-console-bitgo": "aws-console-bitgo",
        "aws-saml-bitgo": "aws-saml-bitgo",
        "bash-barrier": "bash-barrier",
        "batch-edit-prs": "batch-edit-prs",
        "bell": "bell",
        "cortex": "cortex",
        "crane": "crane",
        "fenix": "fenix",
        "gh-agent": "gh-agent",
        "gh-arm": "gh-arm",
        "gh-automerge": "gh-automerge",
        "git-diff-regex": "git-diff-regex",
        "git-disjoint": "git-disjoint",
        "git-dl": "git-dl",
        "git-review": "git-review",
        "helix": "helix",
        "home-manager": "home-manager",
        "mcp-servers-nix": "mcp-servers-nix",
        "nix-darwin": "nix-darwin",
        "nixpkgs": "nixpkgs",
        "npm-dep-version": "npm-dep-version",
        "retry": "retry",
        "sops-nix": "sops-nix"
      }
    },
    "rust-analyzer-src": {
      "flake": false,
      "locked": {
        "lastModified": 1773326183,
        "narHash": "sha256-tj3piRd9RnnP36HwHmQD4O4XZeowsH/rvMeyp9Pmot0=",
        "owner": "rust-lang",
        "repo": "rust-analyzer",
        "rev": "6254616e97f358e67b70dfc0463687f5f7911c1a",
        "type": "github"
      },
      "original": {
        "owner": "rust-lang",
        "ref": "nightly",
        "repo": "rust-analyzer",
        "type": "github"
      }
    },
    "rust-overlay": {
      "inputs": {
        "nixpkgs": [
          "helix",
          "nixpkgs"
        ]
      },
      "locked": {
        "lastModified": 1759631821,
        "narHash": "sha256-V8A1L0FaU/aSXZ1QNJScxC12uP4hANeRBgI4YdhHeRM=",
        "owner": "oxalica",
        "repo": "rust-overlay",
        "rev": "1d7cbdaad90f8a5255a89a6eddd8af24dc89cafe",
        "type": "github"
      },
      "original": {
        "owner": "oxalica",
        "repo": "rust-overlay",
        "type": "github"
      }
    },
    "sops-nix": {
      "inputs": {
        "nixpkgs": [
          "nixpkgs"
        ]
      },
      "locked": {
        "lastModified": 1773096132,
        "narHash": "sha256-M3zEnq9OElB7zqc+mjgPlByPm1O5t2fbUrH3t/Hm5Ag=",
        "owner": "mic92",
        "repo": "sops-nix",
        "rev": "d1ff3b1034d5bab5d7d8086a7803c5a5968cd784",
        "type": "github"
      },
      "original": {
        "owner": "mic92",
        "repo": "sops-nix",
        "type": "github"
      }
    },
    "systems": {
      "locked": {
        "lastModified": 1681028828,
        "narHash": "sha256-Vy1rq5AaRuLzOxct8nz4T6wlgyUR7zLU309k9mBC768=",
        "owner": "nix-systems",
        "repo": "default",
        "rev": "da67096a3b9bf56a91d16901293e51ba5b49a27e",
        "type": "github"
      },
      "original": {
        "owner": "nix-systems",
        "repo": "default",
        "type": "github"
      }
    },
    "systems_2": {
      "locked": {
        "lastModified": 1681028828,
        "narHash": "sha256-Vy1rq5AaRuLzOxct8nz4T6wlgyUR7zLU309k9mBC768=",
        "owner": "nix-systems",
        "repo": "default",
        "rev": "da67096a3b9bf56a91d16901293e51ba5b49a27e",
        "type": "github"
      },
      "original": {
        "owner": "nix-systems",
        "repo": "default",
        "type": "github"
      }
    }
  },
  "root": "root",
  "version": 7
}
