{
  "nodes": {
    "ast-grep": {
      "inputs": {
        "flake-utils": [
          "flake-utils"
        ],
        "nixpkgs": [
          "nixpkgs"
        ]
      },
      "locked": {
        "dir": "ast-grep",
        "lastModified": 1668902776,
        "narHash": "sha256-KxiCTvGg3NRG9jwXxTbbEh+8VJl4/7xfmlceZso1OSo=",
        "owner": "ericcrosson",
        "repo": "escpkgs",
        "rev": "932a2a44bf4ac7843b04870df56a916d37e5ede7",
        "type": "github"
      },
      "original": {
        "dir": "ast-grep",
        "owner": "ericcrosson",
        "repo": "escpkgs",
        "type": "github"
      }
    },
    "atuin": {
      "inputs": {
        "flake-compat": "flake-compat",
        "flake-utils": [
          "flake-utils"
        ],
        "nixpkgs": "nixpkgs"
      },
      "locked": {
        "lastModified": 1683723755,
        "narHash": "sha256-PM7+rfbynB+MrAeu0AG+GPkH1Nrp295fZA8Goc2biIM=",
        "owner": "ellie",
        "repo": "atuin",
        "rev": "bf7432f3924f81c5edcc7ff39f1fc3cba021eea4",
        "type": "github"
      },
      "original": {
        "owner": "ellie",
        "repo": "atuin",
        "type": "github"
      }
    },
    "bash-barrier": {
      "inputs": {
        "nixpkgs": [
          "nixpkgs"
        ]
      },
      "locked": {
        "lastModified": 1683549509,
        "narHash": "sha256-yGjcKk9K7CKkdwIfcxDgZhB9ElvYdE37CToRjF6AKbA=",
        "owner": "ericcrosson",
        "repo": "bash-barrier",
        "rev": "bdaa4d1f67a4451f7858a35dbf9b92a1c9a27e9f",
        "type": "github"
      },
      "original": {
        "owner": "ericcrosson",
        "repo": "bash-barrier",
        "type": "github"
      }
    },
    "bell": {
      "inputs": {
        "nixpkgs": [
          "nixpkgs"
        ]
      },
      "locked": {
        "lastModified": 1683939067,
        "narHash": "sha256-3724o2ZbYB4eyU8g9TdcP7h0WVCDRmdjZAcpWnM4sfg=",
        "owner": "ericcrosson",
        "repo": "bell",
        "rev": "b8c84a9c1bb450217e5b85275f562f15a48feae5",
        "type": "github"
      },
      "original": {
        "owner": "ericcrosson",
        "repo": "bell",
        "type": "github"
      }
    },
    "cachix": {
      "locked": {
        "lastModified": 1635350005,
        "narHash": "sha256-tAMJnUwfaDEB2aa31jGcu7R7bzGELM9noc91L2PbVjg=",
        "owner": "nixos",
        "repo": "nixpkgs",
        "rev": "1c1f5649bb9c1b0d98637c8c365228f57126f361",
        "type": "github"
      },
      "original": {
        "owner": "nixos",
        "ref": "nixos-20.09",
        "repo": "nixpkgs",
        "type": "github"
      }
    },
    "crane": {
      "inputs": {
        "flake-compat": "flake-compat_2",
        "flake-utils": [
          "flake-utils"
        ],
        "nixpkgs": [
          "nixpkgs"
        ],
        "rust-overlay": "rust-overlay"
      },
      "locked": {
        "lastModified": 1677127644,
        "narHash": "sha256-uDvWTDn08GYBa5/m7xglsj8sA89/wXg5+tHX+a6YLP0=",
        "owner": "ipetkov",
        "repo": "crane",
        "rev": "ba201b5632834cf757f00ea4c158b102fbad4271",
        "type": "github"
      },
      "original": {
        "owner": "ipetkov",
        "repo": "crane",
        "type": "github"
      }
    },
    "crane_2": {
      "flake": false,
      "locked": {
        "lastModified": 1681175776,
        "narHash": "sha256-7SsUy9114fryHAZ8p1L6G6YSu7jjz55FddEwa2U8XZc=",
        "owner": "ipetkov",
        "repo": "crane",
        "rev": "445a3d222947632b5593112bb817850e8a9cf737",
        "type": "github"
      },
      "original": {
        "owner": "ipetkov",
        "ref": "v0.12.1",
        "repo": "crane",
        "type": "github"
      }
    },
    "darwin": {
      "inputs": {
        "nixpkgs": [
          "nixpkgs"
        ]
      },
      "locked": {
        "lastModified": 1668784520,
        "narHash": "sha256-gGgVAMwYPPmrfnvnoRi6OkEB5KRsNTb9uYzEceLdO/g=",
        "owner": "lnl7",
        "repo": "nix-darwin",
        "rev": "6349b99bc2b96ded34d068a88c7c5ced406b7f7f",
        "type": "github"
      },
      "original": {
        "owner": "lnl7",
        "repo": "nix-darwin",
        "type": "github"
      }
    },
    "dream2nix": {
      "inputs": {
        "all-cabal-json": [
          "helix",
          "nci"
        ],
        "crane": "crane_2",
        "devshell": [
          "helix",
          "nci"
        ],
        "drv-parts": "drv-parts",
        "flake-compat": "flake-compat_4",
        "flake-parts": [
          "helix",
          "nci",
          "parts"
        ],
        "flake-utils-pre-commit": [
          "helix",
          "nci"
        ],
        "ghc-utils": [
          "helix",
          "nci"
        ],
        "gomod2nix": [
          "helix",
          "nci"
        ],
        "mach-nix": [
          "helix",
          "nci"
        ],
        "nix-pypi-fetcher": [
          "helix",
          "nci"
        ],
        "nixpkgs": [
          "helix",
          "nci",
          "nixpkgs"
        ],
        "nixpkgsV1": "nixpkgsV1",
        "poetry2nix": [
          "helix",
          "nci"
        ],
        "pre-commit-hooks": [
          "helix",
          "nci"
        ],
        "pruned-racket-catalog": [
          "helix",
          "nci"
        ]
      },
      "locked": {
        "lastModified": 1683212002,
        "narHash": "sha256-EObtqyQsv9v+inieRY5cvyCMCUI5zuU5qu+1axlJCPM=",
        "owner": "nix-community",
        "repo": "dream2nix",
        "rev": "fbfb09d2ab5ff761d822dd40b4a1def81651d096",
        "type": "github"
      },
      "original": {
        "owner": "nix-community",
        "repo": "dream2nix",
        "type": "github"
      }
    },
    "drv-parts": {
      "inputs": {
        "flake-compat": [
          "helix",
          "nci",
          "dream2nix",
          "flake-compat"
        ],
        "flake-parts": [
          "helix",
          "nci",
          "dream2nix",
          "flake-parts"
        ],
        "nixpkgs": [
          "helix",
          "nci",
          "dream2nix",
          "nixpkgs"
        ]
      },
      "locked": {
        "lastModified": 1680698112,
        "narHash": "sha256-FgnobN/DvCjEsc0UAZEAdPLkL4IZi2ZMnu2K2bUaElc=",
        "owner": "davhau",
        "repo": "drv-parts",
        "rev": "e8c2ec1157dc1edb002989669a0dbd935f430201",
        "type": "github"
      },
      "original": {
        "owner": "davhau",
        "repo": "drv-parts",
        "type": "github"
      }
    },
    "fenix": {
      "inputs": {
        "nixpkgs": [
          "nixpkgs"
        ],
        "rust-analyzer-src": "rust-analyzer-src"
      },
      "locked": {
        "lastModified": 1684736520,
        "narHash": "sha256-8WjS3Mmr4DPBsSV2iPkYmxr0/YPpkhX10qT/0YybSsc=",
        "owner": "nix-community",
        "repo": "fenix",
        "rev": "f435c0d000726dc5ccfabde567443c2495957706",
        "type": "github"
      },
      "original": {
        "owner": "nix-community",
        "repo": "fenix",
        "type": "github"
      }
    },
    "fenix_2": {
      "inputs": {
        "nixpkgs": [
          "git-disjoint",
          "nixpkgs"
        ],
        "rust-analyzer-src": "rust-analyzer-src_2"
      },
      "locked": {
        "lastModified": 1674454979,
        "narHash": "sha256-7m0JdDvfnzKQs0cKECpZajxg6RKA8gm4xVF6CeAvye0=",
        "owner": "nix-community",
        "repo": "fenix",
        "rev": "b2edf8473d14d6c6ffb2ca5e30459aa4bcd486aa",
        "type": "github"
      },
      "original": {
        "owner": "nix-community",
        "repo": "fenix",
        "type": "github"
      }
    },
    "firefox": {
      "inputs": {
        "cachix": "cachix",
        "flake-compat": "flake-compat_3",
        "mozilla": "mozilla",
        "nixpkgs": "nixpkgs_2"
      },
      "locked": {
        "lastModified": 1685235875,
        "narHash": "sha256-VuKxzmBVd8kIIGIUl1RnSwvUmK7b7BAkIgH98ONzeUA=",
        "owner": "colemickens",
        "repo": "flake-firefox-nightly",
        "rev": "e944b0f839c61a9e59482111e48ec8aeb707f314",
        "type": "github"
      },
      "original": {
        "owner": "colemickens",
        "repo": "flake-firefox-nightly",
        "type": "github"
      }
    },
    "firefox-darwin": {
      "inputs": {
        "nixpkgs": [
          "nixpkgs"
        ]
      },
      "locked": {
        "lastModified": 1670028550,
        "narHash": "sha256-jrCEzbRfcNBSy0YHYPLpMSeoluryej3EuqdMZsR1bhQ=",
        "owner": "bandithedoge",
        "repo": "nixpkgs-firefox-darwin",
        "rev": "8f3697c4ea0b138255a30b65510a25d393c4ce4c",
        "type": "github"
      },
      "original": {
        "owner": "bandithedoge",
        "repo": "nixpkgs-firefox-darwin",
        "type": "github"
      }
    },
    "flake-compat": {
      "flake": false,
      "locked": {
        "lastModified": 1673956053,
        "narHash": "sha256-4gtG9iQuiKITOjNQQeQIpoIB6b16fm+504Ch3sNKLd8=",
        "owner": "edolstra",
        "repo": "flake-compat",
        "rev": "35bb57c0c8d8b62bbfd284272c928ceb64ddbde9",
        "type": "github"
      },
      "original": {
        "owner": "edolstra",
        "repo": "flake-compat",
        "type": "github"
      }
    },
    "flake-compat_2": {
      "flake": false,
      "locked": {
        "lastModified": 1673956053,
        "narHash": "sha256-4gtG9iQuiKITOjNQQeQIpoIB6b16fm+504Ch3sNKLd8=",
        "owner": "edolstra",
        "repo": "flake-compat",
        "rev": "35bb57c0c8d8b62bbfd284272c928ceb64ddbde9",
        "type": "github"
      },
      "original": {
        "owner": "edolstra",
        "repo": "flake-compat",
        "type": "github"
      }
    },
    "flake-compat_3": {
      "locked": {
        "lastModified": 1680531544,
        "narHash": "sha256-8qbiDTYb1kGaDADRXTItpcMKQ1TeQVkuof6oEwHUvVA=",
        "owner": "nix-community",
        "repo": "flake-compat",
        "rev": "95e78dc12268c5e4878621845c511077f3798729",
        "type": "github"
      },
      "original": {
        "owner": "nix-community",
        "repo": "flake-compat",
        "type": "github"
      }
    },
    "flake-compat_4": {
      "flake": false,
      "locked": {
        "lastModified": 1673956053,
        "narHash": "sha256-4gtG9iQuiKITOjNQQeQIpoIB6b16fm+504Ch3sNKLd8=",
        "owner": "edolstra",
        "repo": "flake-compat",
        "rev": "35bb57c0c8d8b62bbfd284272c928ceb64ddbde9",
        "type": "github"
      },
      "original": {
        "owner": "edolstra",
        "repo": "flake-compat",
        "type": "github"
      }
    },
    "flake-parts": {
      "inputs": {
        "nixpkgs-lib": [
          "nixpkgs"
        ]
      },
      "locked": {
        "lastModified": 1668450977,
        "narHash": "sha256-cfLhMhnvXn6x1vPm+Jow3RiFAUSCw/l1utktCw5rVA4=",
        "owner": "hercules-ci",
        "repo": "flake-parts",
        "rev": "d591857e9d7dd9ddbfba0ea02b43b927c3c0f1fa",
        "type": "github"
      },
      "original": {
        "owner": "hercules-ci",
        "repo": "flake-parts",
        "type": "github"
      }
    },
    "flake-utils": {
      "locked": {
        "lastModified": 1667395993,
        "narHash": "sha256-nuEHfE/LcWyuSWnS8t12N1wc105Qtau+/OdUAjtQ0rA=",
        "owner": "numtide",
        "repo": "flake-utils",
        "rev": "5aed5285a952e0b949eb3ba02c12fa4fcfef535f",
        "type": "github"
      },
      "original": {
        "owner": "numtide",
        "repo": "flake-utils",
        "type": "github"
      }
    },
    "flake-utils_2": {
      "inputs": {
        "systems": "systems"
      },
      "locked": {
        "lastModified": 1681202837,
        "narHash": "sha256-H+Rh19JDwRtpVPAWp64F+rlEtxUWBAQW28eAi3SRSzg=",
        "owner": "numtide",
        "repo": "flake-utils",
        "rev": "cfacdce06f30d2b68473a46042957675eebb3401",
        "type": "github"
      },
      "original": {
        "owner": "numtide",
        "repo": "flake-utils",
        "type": "github"
      }
    },
    "git-diff-regex": {
      "inputs": {
        "nixpkgs": [
          "nixpkgs"
        ]
      },
      "locked": {
        "lastModified": 1683494371,
        "narHash": "sha256-w7P2YF7nCiVQTkbImbJi9ElPMtJXopcu3kfRecz8mlQ=",
        "owner": "ericcrosson",
        "repo": "git-diff-regex",
        "rev": "af399065a18f41e90f680625cc89adbe56032d05",
        "type": "github"
      },
      "original": {
        "owner": "ericcrosson",
        "repo": "git-diff-regex",
        "type": "github"
      }
    },
    "git-disjoint": {
      "inputs": {
        "crane": [
          "crane"
        ],
        "fenix": "fenix_2",
        "nixpkgs": [
          "nixpkgs"
        ]
      },
      "locked": {
        "lastModified": 1685235533,
        "narHash": "sha256-lGymG0BKkR/dwBsnU5Tn+rQj2R7iIrgdgpXlDH7TF0w=",
        "owner": "ericcrosson",
        "repo": "git-disjoint",
        "rev": "fa82fb2417bb9e81278b525a2625d978fabcb1d4",
        "type": "github"
      },
      "original": {
        "owner": "ericcrosson",
        "repo": "git-disjoint",
        "type": "github"
      }
    },
    "git-dl": {
      "inputs": {
        "crane": [
          "crane"
        ],
        "nixpkgs": [
          "nixpkgs"
        ]
      },
      "locked": {
        "lastModified": 1685291124,
        "narHash": "sha256-JgcBPt6sZUCAXzN10gF0qPYCpTBUUeSL4ayv+82BK7w=",
        "owner": "ericcrosson",
        "repo": "git-dl",
        "rev": "55d47b73f92d49eff2600f6ca00e7d5f1acf3db3",
        "type": "github"
      },
      "original": {
        "owner": "ericcrosson",
        "repo": "git-dl",
        "type": "github"
      }
    },
    "git-review": {
      "inputs": {
        "nixpkgs": [
          "nixpkgs"
        ]
      },
      "locked": {
        "lastModified": 1683549753,
        "narHash": "sha256-90yA/E8OKKIRJCeLo9fr1VnNcj1iGuqHl8FqPDBq6nE=",
        "owner": "ericcrosson",
        "repo": "git-review",
        "rev": "b1e5afd2f1273628a2dd3dbc464316c7d4db1479",
        "type": "github"
      },
      "original": {
        "owner": "ericcrosson",
        "repo": "git-review",
        "type": "github"
      }
    },
    "helix": {
      "inputs": {
        "nci": "nci",
        "nixpkgs": [
          "nixpkgs"
        ],
        "parts": "parts_2",
        "rust-overlay": "rust-overlay_2"
      },
      "locked": {
        "lastModified": 1685196110,
        "narHash": "sha256-N9oI06G40r3E/IGH+YlHK4Mh7ffYGnnrOtC0xTpUWQI=",
        "owner": "helix-editor",
        "repo": "helix",
        "rev": "3a8592abdb9f30c7ebb74f10fa5127e754d18bc6",
        "type": "github"
      },
      "original": {
        "owner": "helix-editor",
        "repo": "helix",
        "type": "github"
      }
    },
    "home-manager": {
      "inputs": {
        "nixpkgs": [
          "nixpkgs"
        ],
        "utils": "utils"
      },
      "locked": {
        "lastModified": 1681092193,
        "narHash": "sha256-JerCqqOqbT2tBnXQW4EqwFl0hHnuZp21rIQ6lu/N4rI=",
        "owner": "nix-community",
        "repo": "home-manager",
        "rev": "f9edbedaf015013eb35f8caacbe0c9666bbc16af",
        "type": "github"
      },
      "original": {
        "owner": "nix-community",
        "ref": "release-22.11",
        "repo": "home-manager",
        "type": "github"
      }
    },
    "kmonad": {
      "inputs": {
        "nixpkgs": [
          "nixpkgs"
        ]
      },
      "locked": {
        "dir": "nix",
        "lastModified": 1666935187,
        "narHash": "sha256-/7uLVQHQm+d1Qyl9VGfDN3toBp5LvRx+qLLKxNj2ak4=",
        "owner": "kmonad",
        "repo": "kmonad",
        "rev": "820af08d1ef1bff417829415d5f673041b67ef4d",
        "type": "github"
      },
      "original": {
        "dir": "nix",
        "owner": "kmonad",
        "repo": "kmonad",
        "type": "github"
      }
    },
    "mk-naked-shell": {
      "flake": false,
      "locked": {
        "lastModified": 1681286841,
        "narHash": "sha256-3XlJrwlR0nBiREnuogoa5i1b4+w/XPe0z8bbrJASw0g=",
        "owner": "yusdacra",
        "repo": "mk-naked-shell",
        "rev": "7612f828dd6f22b7fb332cc69440e839d7ffe6bd",
        "type": "github"
      },
      "original": {
        "owner": "yusdacra",
        "repo": "mk-naked-shell",
        "type": "github"
      }
    },
    "mozilla": {
      "flake": false,
      "locked": {
        "lastModified": 1684487559,
        "narHash": "sha256-SZcJEM+NnLr8ctzeQf1BGAqBHzJ3jn+tdSeO7lszIJc=",
        "owner": "mozilla",
        "repo": "nixpkgs-mozilla",
        "rev": "e6ca26fe8b9df914d4567604e426fbc185d9ef3e",
        "type": "github"
      },
      "original": {
        "owner": "mozilla",
        "repo": "nixpkgs-mozilla",
        "type": "github"
      }
    },
    "nci": {
      "inputs": {
        "dream2nix": "dream2nix",
        "mk-naked-shell": "mk-naked-shell",
        "nixpkgs": [
          "helix",
          "nixpkgs"
        ],
        "parts": "parts",
        "rust-overlay": [
          "helix",
          "rust-overlay"
        ]
      },
      "locked": {
        "lastModified": 1683699050,
        "narHash": "sha256-UWKQpzVcSshB+sU2O8CCHjOSTQrNS7Kk9V3+UeBsJpg=",
        "owner": "yusdacra",
        "repo": "nix-cargo-integration",
        "rev": "ed27173cd1b223f598343ea3c15aacb1d140feac",
        "type": "github"
      },
      "original": {
        "owner": "yusdacra",
        "repo": "nix-cargo-integration",
        "type": "github"
      }
    },
    "nixpkgs": {
      "locked": {
        "lastModified": 1683777345,
        "narHash": "sha256-V2p/A4RpEGqEZussOnHYMU6XglxBJGCODdzoyvcwig8=",
        "owner": "NixOS",
        "repo": "nixpkgs",
        "rev": "635a306fc8ede2e34cb3dd0d6d0a5d49362150ed",
        "type": "github"
      },
      "original": {
        "owner": "NixOS",
        "ref": "nixpkgs-unstable",
        "repo": "nixpkgs",
        "type": "github"
      }
    },
    "nixpkgs-lib": {
      "locked": {
        "dir": "lib",
        "lastModified": 1682879489,
        "narHash": "sha256-sASwo8gBt7JDnOOstnps90K1wxmVfyhsTPPNTGBPjjg=",
        "owner": "NixOS",
        "repo": "nixpkgs",
        "rev": "da45bf6ec7bbcc5d1e14d3795c025199f28e0de0",
        "type": "github"
      },
      "original": {
        "dir": "lib",
        "owner": "NixOS",
        "ref": "nixos-unstable",
        "repo": "nixpkgs",
        "type": "github"
      }
    },
    "nixpkgs-stable": {
      "locked": {
        "lastModified": 1677560965,
        "narHash": "sha256-Tqwt5alTtMnbYUPKCYRYZqlfbjprLgDWqjMhXpFMQ6k=",
        "owner": "NixOS",
        "repo": "nixpkgs",
        "rev": "40968a3aa489191cf4b7ba85cf2a54d8a75c8daa",
        "type": "github"
      },
      "original": {
        "owner": "NixOS",
        "ref": "release-22.11",
        "repo": "nixpkgs",
        "type": "github"
      }
    },
    "nixpkgsV1": {
      "locked": {
        "lastModified": 1678500271,
        "narHash": "sha256-tRBLElf6f02HJGG0ZR7znMNFv/Uf7b2fFInpTHiHaSE=",
        "owner": "NixOS",
        "repo": "nixpkgs",
        "rev": "5eb98948b66de29f899c7fe27ae112a47964baf8",
        "type": "github"
      },
      "original": {
        "id": "nixpkgs",
        "ref": "nixos-22.11",
        "type": "indirect"
      }
    },
    "nixpkgs_2": {
      "locked": {
        "lastModified": 1685168767,
        "narHash": "sha256-wQgnxz0PdqbyKKpsWl/RU8T8QhJQcHfeC6lh1xRUTfk=",
        "owner": "nixos",
        "repo": "nixpkgs",
        "rev": "e10802309bf9ae351eb27002c85cfdeb1be3b262",
        "type": "github"
      },
      "original": {
        "owner": "nixos",
        "ref": "nixos-unstable",
        "repo": "nixpkgs",
        "type": "github"
      }
    },
    "nixpkgs_3": {
      "locked": {
        "lastModified": 1672350804,
        "narHash": "sha256-jo6zkiCabUBn3ObuKXHGqqORUMH27gYDIFFfLq5P4wg=",
        "owner": "nixos",
        "repo": "nixpkgs",
        "rev": "677ed08a50931e38382dbef01cba08a8f7eac8f6",
        "type": "github"
      },
      "original": {
        "owner": "nixos",
        "ref": "nixos-unstable",
        "repo": "nixpkgs",
        "type": "github"
      }
    },
    "nur": {
      "locked": {
        "lastModified": 1668255064,
        "narHash": "sha256-JWVzaBAC9eL+Eg/SG71ZPSDQQd/eO9sS2YNGrlDDEH4=",
        "owner": "nix-community",
        "repo": "nur",
        "rev": "9a0be7d4b9de779707b8788c6bdaaf23160a7975",
        "type": "github"
      },
      "original": {
        "owner": "nix-community",
        "repo": "nur",
        "type": "github"
      }
    },
    "nurl": {
      "inputs": {
        "nixpkgs": [
          "nixpkgs"
        ]
      },
      "locked": {
        "lastModified": 1672631002,
        "narHash": "sha256-fLa9gNdwBOSOMisU1UI8KAKGOkDN13LZsBpH+bObqUM=",
        "owner": "nix-community",
        "repo": "nurl",
        "rev": "69990c30594da362fbfb0ac0f2dc652e59b1c757",
        "type": "github"
      },
      "original": {
        "owner": "nix-community",
        "repo": "nurl",
        "type": "github"
      }
    },
    "parts": {
      "inputs": {
        "nixpkgs-lib": [
          "helix",
          "nci",
          "nixpkgs"
        ]
      },
      "locked": {
        "lastModified": 1683560683,
        "narHash": "sha256-XAygPMN5Xnk/W2c1aW0jyEa6lfMDZWlQgiNtmHXytPc=",
        "owner": "hercules-ci",
        "repo": "flake-parts",
        "rev": "006c75898cf814ef9497252b022e91c946ba8e17",
        "type": "github"
      },
      "original": {
        "owner": "hercules-ci",
        "repo": "flake-parts",
        "type": "github"
      }
    },
    "parts_2": {
      "inputs": {
        "nixpkgs-lib": "nixpkgs-lib"
      },
      "locked": {
        "lastModified": 1683560683,
        "narHash": "sha256-XAygPMN5Xnk/W2c1aW0jyEa6lfMDZWlQgiNtmHXytPc=",
        "owner": "hercules-ci",
        "repo": "flake-parts",
        "rev": "006c75898cf814ef9497252b022e91c946ba8e17",
        "type": "github"
      },
      "original": {
        "owner": "hercules-ci",
        "repo": "flake-parts",
        "type": "github"
      }
    },
    "retry": {
      "inputs": {
        "crane": [
          "crane"
        ],
        "nixpkgs": [
          "nixpkgs"
        ]
      },
      "locked": {
        "lastModified": 1684568721,
        "narHash": "sha256-g3RElj9YjQfP7bNMS/JCATwlPnP6jatx6GUiXD9w8AY=",
        "owner": "ericcrosson",
        "repo": "retry",
        "rev": "aa4eabe2283d89dcbb3f5d00ddb8545463c4783d",
        "type": "github"
      },
      "original": {
        "owner": "ericcrosson",
        "repo": "retry",
        "type": "github"
      }
    },
    "root": {
      "inputs": {
        "ast-grep": "ast-grep",
        "atuin": "atuin",
        "bash-barrier": "bash-barrier",
        "bell": "bell",
        "crane": "crane",
        "darwin": "darwin",
        "fenix": "fenix",
        "firefox": "firefox",
        "firefox-darwin": "firefox-darwin",
        "flake-parts": "flake-parts",
        "flake-utils": "flake-utils",
        "git-diff-regex": "git-diff-regex",
        "git-disjoint": "git-disjoint",
        "git-dl": "git-dl",
        "git-review": "git-review",
        "helix": "helix",
        "home-manager": "home-manager",
        "kmonad": "kmonad",
        "nixpkgs": "nixpkgs_3",
        "nur": "nur",
        "nurl": "nurl",
        "retry": "retry",
        "sops-nix": "sops-nix"
      }
    },
    "rust-analyzer-src": {
      "flake": false,
      "locked": {
        "lastModified": 1684672829,
        "narHash": "sha256-xDUpgRcACQQREemfVQnft6AImqF2+dbxmHupw6gzSho=",
        "owner": "rust-lang",
        "repo": "rust-analyzer",
        "rev": "7ac161ce77dfa31dc39337c2543a1d777e70c16e",
        "type": "github"
      },
      "original": {
        "owner": "rust-lang",
        "ref": "nightly",
        "repo": "rust-analyzer",
        "type": "github"
      }
    },
    "rust-analyzer-src_2": {
      "flake": false,
      "locked": {
        "lastModified": 1674325502,
        "narHash": "sha256-Uq6jngJnf2UqKrOzqMXtq5IVxkU3eNCkmORPdccLxp0=",
        "owner": "rust-lang",
        "repo": "rust-analyzer",
        "rev": "daa0138e4c159d5753e41a447201b6191437276e",
        "type": "github"
      },
      "original": {
        "owner": "rust-lang",
        "ref": "nightly",
        "repo": "rust-analyzer",
        "type": "github"
      }
    },
    "rust-overlay": {
      "inputs": {
        "flake-utils": [
          "crane",
          "flake-utils"
        ],
        "nixpkgs": [
          "crane",
          "nixpkgs"
        ]
      },
      "locked": {
        "lastModified": 1676437770,
        "narHash": "sha256-mhJye91Bn0jJIE7NnEywGty/U5qdELfsT8S+FBjTdG4=",
        "owner": "oxalica",
        "repo": "rust-overlay",
        "rev": "a619538647bd03e3ee1d7b947f7c11ff289b376e",
        "type": "github"
      },
      "original": {
        "owner": "oxalica",
        "repo": "rust-overlay",
        "type": "github"
      }
    },
    "rust-overlay_2": {
      "inputs": {
        "flake-utils": "flake-utils_2",
        "nixpkgs": [
          "helix",
          "nixpkgs"
        ]
      },
      "locked": {
        "lastModified": 1683771545,
        "narHash": "sha256-we0GYcKTo2jRQGmUGrzQ9VH0OYAUsJMCsK8UkF+vZUA=",
        "owner": "oxalica",
        "repo": "rust-overlay",
        "rev": "c57e210faf68e5d5386f18f1b17ad8365d25e4ed",
        "type": "github"
      },
      "original": {
        "owner": "oxalica",
        "repo": "rust-overlay",
        "type": "github"
      }
    },
    "sops-nix": {
      "inputs": {
        "nixpkgs": [
          "nixpkgs"
        ],
        "nixpkgs-stable": "nixpkgs-stable"
      },
      "locked": {
        "lastModified": 1677594933,
        "narHash": "sha256-qUoODrgbHRDKcg5r1Wsck01zIsJyKi/G4R2YAQafXPQ=",
        "owner": "mic92",
        "repo": "sops-nix",
        "rev": "27018a9084006b8371b1f833882adfb85bd23004",
        "type": "github"
      },
      "original": {
        "owner": "mic92",
        "repo": "sops-nix",
        "type": "github"
      }
    },
    "systems": {
      "locked": {
        "lastModified": 1681028828,
        "narHash": "sha256-Vy1rq5AaRuLzOxct8nz4T6wlgyUR7zLU309k9mBC768=",
        "owner": "nix-systems",
        "repo": "default",
        "rev": "da67096a3b9bf56a91d16901293e51ba5b49a27e",
        "type": "github"
      },
      "original": {
        "owner": "nix-systems",
        "repo": "default",
        "type": "github"
      }
    },
    "systems_2": {
      "locked": {
        "lastModified": 1681028828,
        "narHash": "sha256-Vy1rq5AaRuLzOxct8nz4T6wlgyUR7zLU309k9mBC768=",
        "owner": "nix-systems",
        "repo": "default",
        "rev": "da67096a3b9bf56a91d16901293e51ba5b49a27e",
        "type": "github"
      },
      "original": {
        "owner": "nix-systems",
        "repo": "default",
        "type": "github"
      }
    },
    "utils": {
      "inputs": {
        "systems": "systems_2"
      },
      "locked": {
        "lastModified": 1681202837,
        "narHash": "sha256-H+Rh19JDwRtpVPAWp64F+rlEtxUWBAQW28eAi3SRSzg=",
        "owner": "numtide",
        "repo": "flake-utils",
        "rev": "cfacdce06f30d2b68473a46042957675eebb3401",
        "type": "github"
      },
      "original": {
        "owner": "numtide",
        "repo": "flake-utils",
        "type": "github"
      }
    }
  },
  "root": "root",
  "version": 7
}
