{
  "nodes": {
    "_1password-shell-plugins": {
      "inputs": {
        "nixpkgs": [
          "nixpkgs"
        ],
        "systems": "systems"
      },
      "locked": {
        "lastModified": 1756860511,
        "narHash": "sha256-AA8vN5YMXcCznWfaH/2AgtRNpZPG4wvbLTT79u0b+LU=",
        "owner": "1Password",
        "repo": "shell-plugins",
        "rev": "49810df8fe11221250a890191185c6e59aea8d1e",
        "type": "github"
      },
      "original": {
        "owner": "1Password",
        "repo": "shell-plugins",
        "type": "github"
      }
    },
    "atuin": {
      "inputs": {
        "fenix": "fenix",
        "flake-compat": "flake-compat",
        "flake-utils": "flake-utils",
        "nixpkgs": [
          "nixpkgs"
        ]
      },
      "locked": {
        "lastModified": 1768010129,
        "narHash": "sha256-H3a/8FLGQN9nPeHNStvBhg5uppfGOuS+XV3Dja9tcns=",
        "owner": "ellie",
        "repo": "atuin",
        "rev": "1fa6ee265476e1c08eb812e16e3dcd2e711a9e0e",
        "type": "github"
      },
      "original": {
        "owner": "ellie",
        "repo": "atuin",
        "type": "github"
      }
    },
    "aws-console-bitgo": {
      "inputs": {
        "nixpkgs": [
          "nixpkgs"
        ]
      },
      "locked": {
        "lastModified": 1763570717,
        "narHash": "sha256-wzdIl5rTmz61z0US6NQrD1ECeVXYwCay+CzILcZ8sKw=",
        "ref": "refs/heads/master",
        "rev": "b2bd6fce4891b2185a09a4437fba3d94c9902d18",
        "revCount": 62,
        "type": "git",
        "url": "ssh://git@github.com-bitgo/bitgo/aws-console"
      },
      "original": {
        "type": "git",
        "url": "ssh://git@github.com-bitgo/bitgo/aws-console"
      }
    },
    "aws-saml-bitgo": {
      "inputs": {
        "nixpkgs": [
          "nixpkgs"
        ]
      },
      "locked": {
        "lastModified": 1763597685,
        "narHash": "sha256-IyA6CPzTJxk2rFc2LaIKcGZ/szZjeFRCb+wFIv0qRqY=",
        "ref": "refs/heads/master",
        "rev": "cf527d5efcdae1d1d17ef2bbf68c7a7d8ab5d932",
        "revCount": 61,
        "type": "git",
        "url": "ssh://git@github.com-bitgo/bitgo/aws-saml"
      },
      "original": {
        "type": "git",
        "url": "ssh://git@github.com-bitgo/bitgo/aws-saml"
      }
    },
    "bash-barrier": {
      "inputs": {
        "nixpkgs": [
          "nixpkgs"
        ]
      },
      "locked": {
        "lastModified": 1683549509,
        "narHash": "sha256-yGjcKk9K7CKkdwIfcxDgZhB9ElvYdE37CToRjF6AKbA=",
        "owner": "ericcrosson",
        "repo": "bash-barrier",
        "rev": "bdaa4d1f67a4451f7858a35dbf9b92a1c9a27e9f",
        "type": "github"
      },
      "original": {
        "owner": "ericcrosson",
        "repo": "bash-barrier",
        "type": "github"
      }
    },
    "batch-edit-prs": {
      "inputs": {
        "nixpkgs": [
          "nixpkgs"
        ],
        "pre-commit-hooks": "pre-commit-hooks"
      },
      "locked": {
        "lastModified": 1765961412,
        "narHash": "sha256-iK2jdzCT1rWSRzVHjdXrkKSVfeCoa6aJ6W1W2tCvf0Y=",
        "owner": "ericcrosson",
        "repo": "batch-edit-prs",
        "rev": "e570e3e49a63cab6fa4f19bd321a2e5db0dd9bef",
        "type": "github"
      },
      "original": {
        "owner": "ericcrosson",
        "repo": "batch-edit-prs",
        "type": "github"
      }
    },
    "bell": {
      "inputs": {
        "nixpkgs": [
          "nixpkgs"
        ]
      },
      "locked": {
        "lastModified": 1746372299,
        "narHash": "sha256-qnS7Ok0hL5yFvSDzpLbWr/fr1sbTBMdFsC6JIih9ESI=",
        "owner": "ericcrosson",
        "repo": "bell",
        "rev": "c8fb267997ecc156da3555cc511f1c4a4b447713",
        "type": "github"
      },
      "original": {
        "owner": "ericcrosson",
        "repo": "bell",
        "type": "github"
      }
    },
    "crane": {
      "locked": {
        "lastModified": 1767744144,
        "narHash": "sha256-9/9ntI0D+HbN4G0TrK3KmHbTvwgswz7p8IEJsWyef8Q=",
        "owner": "ipetkov",
        "repo": "crane",
        "rev": "2fb033290bf6b23f226d4c8b32f7f7a16b043d7e",
        "type": "github"
      },
      "original": {
        "owner": "ipetkov",
        "repo": "crane",
        "type": "github"
      }
    },
    "fenix": {
      "inputs": {
        "nixpkgs": [
          "atuin",
          "nixpkgs"
        ],
        "rust-analyzer-src": "rust-analyzer-src"
      },
      "locked": {
        "lastModified": 1758609765,
        "narHash": "sha256-VIYu7R9Yc/CItjmzLSm21Lr9DgpEsKL5H+JUu8KDTn4=",
        "owner": "nix-community",
        "repo": "fenix",
        "rev": "05545a7f3cd5cd5628b195520758e56e6734b90a",
        "type": "github"
      },
      "original": {
        "owner": "nix-community",
        "repo": "fenix",
        "type": "github"
      }
    },
    "fenix_2": {
      "inputs": {
        "nixpkgs": [
          "nixpkgs"
        ],
        "rust-analyzer-src": "rust-analyzer-src_2"
      },
      "locked": {
        "lastModified": 1768027312,
        "narHash": "sha256-MW85tjeLZHPB1y0bQaBat/4vtDVaSot2nSWre2rj9nU=",
        "owner": "nix-community",
        "repo": "fenix",
        "rev": "334c4b4a8a2554b8dd19df8932d43345232f7f84",
        "type": "github"
      },
      "original": {
        "owner": "nix-community",
        "repo": "fenix",
        "type": "github"
      }
    },
    "fenix_3": {
      "inputs": {
        "nixpkgs": [
          "git-disjoint",
          "nixpkgs"
        ],
        "rust-analyzer-src": "rust-analyzer-src_3"
      },
      "locked": {
        "lastModified": 1747118403,
        "narHash": "sha256-6LDKrSTxPmh9c1f79ixqIwg6mlXE2FKwi11x9GNPKhA=",
        "owner": "nix-community",
        "repo": "fenix",
        "rev": "01daa5be6a29caab8b6831b0e936750ea66d463d",
        "type": "github"
      },
      "original": {
        "owner": "nix-community",
        "repo": "fenix",
        "type": "github"
      }
    },
    "flake-compat": {
      "flake": false,
      "locked": {
        "lastModified": 1747046372,
        "narHash": "sha256-CIVLLkVgvHYbgI2UpXvIIBJ12HWgX+fjA8Xf8PUmqCY=",
        "owner": "edolstra",
        "repo": "flake-compat",
        "rev": "9100a0f413b0c601e0533d1d94ffd501ce2e7885",
        "type": "github"
      },
      "original": {
        "owner": "edolstra",
        "repo": "flake-compat",
        "type": "github"
      }
    },
    "flake-compat_2": {
      "flake": false,
      "locked": {
        "lastModified": 1696426674,
        "narHash": "sha256-kvjfFW7WAETZlt09AgDn1MrtKzP7t90Vf7vypd3OL1U=",
        "owner": "edolstra",
        "repo": "flake-compat",
        "rev": "0f9255e01c2351cc7d116c072cb317785dd33b33",
        "type": "github"
      },
      "original": {
        "owner": "edolstra",
        "repo": "flake-compat",
        "type": "github"
      }
    },
    "flake-utils": {
      "inputs": {
        "systems": "systems_2"
      },
      "locked": {
        "lastModified": 1731533236,
        "narHash": "sha256-l0KFg5HjrsfsO/JpG+r7fRrqm12kzFHyUHqHCVpMMbI=",
        "owner": "numtide",
        "repo": "flake-utils",
        "rev": "11707dc2f618dd54ca8739b309ec4fc024de578b",
        "type": "github"
      },
      "original": {
        "owner": "numtide",
        "repo": "flake-utils",
        "type": "github"
      }
    },
    "flake-utils_2": {
      "inputs": {
        "systems": "systems_3"
      },
      "locked": {
        "lastModified": 1694529238,
        "narHash": "sha256-zsNZZGTGnMOf9YpHKJqMSsa0dXbfmxeoJ7xHlrt+xmY=",
        "owner": "numtide",
        "repo": "flake-utils",
        "rev": "ff7b65b44d01cf9ba6a71320833626af21126384",
        "type": "github"
      },
      "original": {
        "owner": "numtide",
        "repo": "flake-utils",
        "type": "github"
      }
    },
    "gh-agent": {
      "inputs": {
        "git-hooks": "git-hooks",
        "nixpkgs": [
          "nixpkgs"
        ]
      },
      "locked": {
        "lastModified": 1763738311,
        "narHash": "sha256-4Ei1B6Hiqy97+rhGQ+fuhFnZcgZrIaCYPwVXZnHc/rQ=",
        "ref": "refs/heads/master",
        "rev": "0cf818bc137e42d3723bd2deeaa15f2f3d755bdb",
        "revCount": 20,
        "type": "git",
        "url": "ssh://git@github.com-bitgo/bitgo/gh-agent"
      },
      "original": {
        "type": "git",
        "url": "ssh://git@github.com-bitgo/bitgo/gh-agent"
      }
    },
    "gh-arm": {
      "inputs": {
        "nixpkgs": [
          "nixpkgs"
        ]
      },
      "locked": {
        "lastModified": 1757077859,
        "narHash": "sha256-Ok+0hsTBHAuS5Bf1JMH7qGEMOSJkXKSBFnSPEx328Y4=",
        "owner": "ericcrosson",
        "repo": "gh-arm",
        "rev": "d033e2e5fcc24380d77ad08d5f302cd303b3b5fa",
        "type": "github"
      },
      "original": {
        "owner": "ericcrosson",
        "repo": "gh-arm",
        "type": "github"
      }
    },
    "gh-automerge": {
      "inputs": {
        "nixpkgs": [
          "nixpkgs"
        ]
      },
      "locked": {
        "lastModified": 1756159234,
        "narHash": "sha256-FersjXF+rI9ps/ffRapuDq+W4cx7xrpRnqqGi99i3Jo=",
        "owner": "ericcrosson",
        "repo": "gh-automerge",
        "rev": "fb51697043423f16199d09cb764497232943aff5",
        "type": "github"
      },
      "original": {
        "owner": "ericcrosson",
        "repo": "gh-automerge",
        "type": "github"
      }
    },
    "git-diff-regex": {
      "inputs": {
        "nixpkgs": [
          "nixpkgs"
        ]
      },
      "locked": {
        "lastModified": 1687745220,
        "narHash": "sha256-aX3XrKPh/zzylZN7YMG5tuYOclSw2d56Ege5ip3o6c4=",
        "owner": "ericcrosson",
        "repo": "git-diff-regex",
        "rev": "c31aa3fc7ae0d29c97002531bbd4864a0b7ddfb6",
        "type": "github"
      },
      "original": {
        "owner": "ericcrosson",
        "repo": "git-diff-regex",
        "type": "github"
      }
    },
    "git-disjoint": {
      "inputs": {
        "crane": [
          "crane"
        ],
        "fenix": "fenix_3",
        "nixpkgs": [
          "nixpkgs"
        ]
      },
      "locked": {
        "lastModified": 1767849300,
        "narHash": "sha256-aUumnABmepEbdn9ilcuDQeHoV946Izf9Y44hlgcRWKo=",
        "owner": "ericcrosson",
        "repo": "git-disjoint",
        "rev": "06c83989b628e0448f40636f053a132bfb1be7db",
        "type": "github"
      },
      "original": {
        "owner": "ericcrosson",
        "repo": "git-disjoint",
        "type": "github"
      }
    },
    "git-dl": {
      "inputs": {
        "crane": [
          "crane"
        ],
        "nixpkgs": [
          "nixpkgs"
        ]
      },
      "locked": {
        "lastModified": 1756831104,
        "narHash": "sha256-c6Ru/CZx8mfvRDrcSOA5RPB4tBy25+HORqbdh+0OeP0=",
        "owner": "ericcrosson",
        "repo": "git-dl",
        "rev": "087c9b529ffb30f914b4c6416f41392bbeb603b2",
        "type": "github"
      },
      "original": {
        "owner": "ericcrosson",
        "repo": "git-dl",
        "type": "github"
      }
    },
    "git-hooks": {
      "inputs": {
        "flake-compat": "flake-compat_2",
        "gitignore": "gitignore",
        "nixpkgs": [
          "gh-agent",
          "nixpkgs"
        ]
      },
      "locked": {
        "lastModified": 1742649964,
        "narHash": "sha256-DwOTp7nvfi8mRfuL1escHDXabVXFGT1VlPD1JHrtrco=",
        "owner": "cachix",
        "repo": "git-hooks.nix",
        "rev": "dcf5072734cb576d2b0c59b2ac44f5050b5eac82",
        "type": "github"
      },
      "original": {
        "owner": "cachix",
        "repo": "git-hooks.nix",
        "type": "github"
      }
    },
    "git-review": {
      "inputs": {
        "nixpkgs": [
          "nixpkgs"
        ]
      },
      "locked": {
        "lastModified": 1738713392,
        "narHash": "sha256-mq++qR38aDz2utHgyEpPNPjNT048Q583WxKYMTFBOC0=",
        "owner": "ericcrosson",
        "repo": "git-review",
        "rev": "bf836a14835d7833df43b439cbca30e69322ac60",
        "type": "github"
      },
      "original": {
        "owner": "ericcrosson",
        "repo": "git-review",
        "type": "github"
      }
    },
    "gitignore": {
      "inputs": {
        "nixpkgs": [
          "gh-agent",
          "git-hooks",
          "nixpkgs"
        ]
      },
      "locked": {
        "lastModified": 1709087332,
        "narHash": "sha256-HG2cCnktfHsKV0s4XW83gU3F57gaTljL9KNSuG6bnQs=",
        "owner": "hercules-ci",
        "repo": "gitignore.nix",
        "rev": "637db329424fd7e46cf4185293b9cc8c88c95394",
        "type": "github"
      },
      "original": {
        "owner": "hercules-ci",
        "repo": "gitignore.nix",
        "type": "github"
      }
    },
    "helix": {
      "inputs": {
        "nixpkgs": [
          "nixpkgs"
        ],
        "rust-overlay": "rust-overlay"
      },
      "locked": {
        "lastModified": 1767943678,
        "narHash": "sha256-tg16bbDEkv1rJWe8v1n1CJFi2Fgxuee6b3c4KbLivY4=",
        "owner": "helix-editor",
        "repo": "helix",
        "rev": "10f07d7eb089430930e6d3547a98b440b927d025",
        "type": "github"
      },
      "original": {
        "owner": "helix-editor",
        "repo": "helix",
        "type": "github"
      }
    },
    "home-manager": {
      "inputs": {
        "nixpkgs": [
          "nixpkgs"
        ]
      },
      "locked": {
        "lastModified": 1767930051,
        "narHash": "sha256-YXtqo8h5bAbqC64XAPMMsZdYk8XkwkyNj/7XOsIyVf8=",
        "owner": "nix-community",
        "repo": "home-manager",
        "rev": "297a08510894822ddd93ee2cfc66d6ac65a3cebb",
        "type": "github"
      },
      "original": {
        "owner": "nix-community",
        "repo": "home-manager",
        "type": "github"
      }
    },
    "nix-darwin": {
      "inputs": {
        "nixpkgs": [
          "nixpkgs"
        ]
      },
      "locked": {
        "lastModified": 1767718503,
        "narHash": "sha256-V+VkFs0aSG0ca8p/N3gib7FAf4cq9jyr5Gm+ZBrHQpo=",
        "owner": "lnl7",
        "repo": "nix-darwin",
        "rev": "9f48ffaca1f44b3e590976b4da8666a9e86e6eb1",
        "type": "github"
      },
      "original": {
        "owner": "lnl7",
        "repo": "nix-darwin",
        "type": "github"
      }
    },
    "nixpkgs": {
      "locked": {
        "lastModified": 1767767207,
        "narHash": "sha256-Mj3d3PfwltLmukFal5i3fFt27L6NiKXdBezC1EBuZs4=",
        "owner": "nixos",
        "repo": "nixpkgs",
        "rev": "5912c1772a44e31bf1c63c0390b90501e5026886",
        "type": "github"
      },
      "original": {
        "owner": "nixos",
        "ref": "nixos-unstable",
        "repo": "nixpkgs",
        "type": "github"
      }
    },
    "npm-dep-version": {
      "inputs": {
        "nixpkgs": [
          "nixpkgs"
        ]
      },
      "locked": {
        "lastModified": 1746372297,
        "narHash": "sha256-UEEsk2Ey2EHbVxx+Me0thOkpc3fYMtDiZaePgRTFMNw=",
        "owner": "ericcrosson",
        "repo": "npm-dep-version",
        "rev": "858228103eb8872091e9f0647155c53449eb1513",
        "type": "github"
      },
      "original": {
        "owner": "ericcrosson",
        "repo": "npm-dep-version",
        "type": "github"
      }
    },
    "percentage-changed-calculator": {
      "inputs": {
        "crane": [
          "crane"
        ],
        "nixpkgs": [
          "nixpkgs"
        ]
      },
      "locked": {
        "lastModified": 1747065190,
        "narHash": "sha256-8fk6Z0Ne+3eu4JXz4t5xrrfXF1rqF1hfWdlekfwOuas=",
        "owner": "ericcrosson",
        "repo": "percentage-changed-calculator",
        "rev": "24f7040c68a8613e9e3197fd3361324cb2128d46",
        "type": "github"
      },
      "original": {
        "owner": "ericcrosson",
        "repo": "percentage-changed-calculator",
        "type": "github"
      }
    },
    "pre-commit-hooks": {
      "inputs": {
        "flake-utils": "flake-utils_2",
        "nixpkgs": [
          "batch-edit-prs",
          "nixpkgs"
        ]
      },
      "locked": {
        "lastModified": 1667992213,
        "narHash": "sha256-8Ens8ozllvlaFMCZBxg6S7oUyynYx2v7yleC5M0jJsE=",
        "owner": "cachix",
        "repo": "pre-commit-hooks.nix",
        "rev": "ebcbfe09d2bd6d15f68de3a0ebb1e4dcb5cd324b",
        "type": "github"
      },
      "original": {
        "owner": "cachix",
        "repo": "pre-commit-hooks.nix",
        "type": "github"
      }
    },
    "retry": {
      "inputs": {
        "crane": [
          "crane"
        ],
        "nixpkgs": [
          "nixpkgs"
        ]
      },
      "locked": {
        "lastModified": 1767458617,
        "narHash": "sha256-o0edY8r/LwR2ypYeQlCzTD891b4JBhnG2s6HiO0GZ4s=",
        "owner": "ericcrosson",
        "repo": "retry",
        "rev": "02f60378814b14240ba8e385b779427b41e1100d",
        "type": "github"
      },
      "original": {
        "owner": "ericcrosson",
        "repo": "retry",
        "type": "github"
      }
    },
    "root": {
      "inputs": {
        "_1password-shell-plugins": "_1password-shell-plugins",
        "atuin": "atuin",
        "aws-console-bitgo": "aws-console-bitgo",
        "aws-saml-bitgo": "aws-saml-bitgo",
        "bash-barrier": "bash-barrier",
        "batch-edit-prs": "batch-edit-prs",
        "bell": "bell",
        "crane": "crane",
        "fenix": "fenix_2",
        "gh-agent": "gh-agent",
        "gh-arm": "gh-arm",
        "gh-automerge": "gh-automerge",
        "git-diff-regex": "git-diff-regex",
        "git-disjoint": "git-disjoint",
        "git-dl": "git-dl",
        "git-review": "git-review",
        "helix": "helix",
        "home-manager": "home-manager",
        "nix-darwin": "nix-darwin",
        "nixpkgs": "nixpkgs",
        "npm-dep-version": "npm-dep-version",
        "percentage-changed-calculator": "percentage-changed-calculator",
        "retry": "retry",
        "sops-nix": "sops-nix"
      }
    },
    "rust-analyzer-src": {
      "flake": false,
      "locked": {
        "lastModified": 1758556272,
        "narHash": "sha256-9amq6LAd0CFF3dLrJUItPiG64MQOG4QPrvjbjpa6NFc=",
        "owner": "rust-lang",
        "repo": "rust-analyzer",
        "rev": "d05355db16dc526bb16bd84769ea840668d7015e",
        "type": "github"
      },
      "original": {
        "owner": "rust-lang",
        "ref": "nightly",
        "repo": "rust-analyzer",
        "type": "github"
      }
    },
    "rust-analyzer-src_2": {
      "flake": false,
      "locked": {
        "lastModified": 1767961401,
        "narHash": "sha256-7PZ/pXpRrd3JfgCSEuBeYW6nCm3UEZ1TLDztFbnjPgU=",
        "owner": "rust-lang",
        "repo": "rust-analyzer",
        "rev": "714d0476ae96352f09933e1d8d51e027be25e5c3",
        "type": "github"
      },
      "original": {
        "owner": "rust-lang",
        "ref": "nightly",
        "repo": "rust-analyzer",
        "type": "github"
      }
    },
    "rust-analyzer-src_3": {
      "flake": false,
      "locked": {
        "lastModified": 1746889290,
        "narHash": "sha256-h3LQYZgyv2l3U7r+mcsrEOGRldaK0zJFwAAva4hV/6g=",
        "owner": "rust-lang",
        "repo": "rust-analyzer",
        "rev": "2bafe9d96c6734aacfd49e115f6cf61e7adc68bc",
        "type": "github"
      },
      "original": {
        "owner": "rust-lang",
        "ref": "nightly",
        "repo": "rust-analyzer",
        "type": "github"
      }
    },
    "rust-overlay": {
      "inputs": {
        "nixpkgs": [
          "helix",
          "nixpkgs"
        ]
      },
      "locked": {
        "lastModified": 1759631821,
        "narHash": "sha256-V8A1L0FaU/aSXZ1QNJScxC12uP4hANeRBgI4YdhHeRM=",
        "owner": "oxalica",
        "repo": "rust-overlay",
        "rev": "1d7cbdaad90f8a5255a89a6eddd8af24dc89cafe",
        "type": "github"
      },
      "original": {
        "owner": "oxalica",
        "repo": "rust-overlay",
        "type": "github"
      }
    },
    "sops-nix": {
      "inputs": {
        "nixpkgs": [
          "nixpkgs"
        ]
      },
      "locked": {
        "lastModified": 1767826491,
        "narHash": "sha256-WSBENPotD2MIhZwolL6GC9npqgaS5fkM7j07V2i/Ur8=",
        "owner": "mic92",
        "repo": "sops-nix",
        "rev": "ea3adcb6d2a000d9a69d0e23cad1f2cacb3a9fbe",
        "type": "github"
      },
      "original": {
        "owner": "mic92",
        "repo": "sops-nix",
        "type": "github"
      }
    },
    "systems": {
      "locked": {
        "lastModified": 1681028828,
        "narHash": "sha256-Vy1rq5AaRuLzOxct8nz4T6wlgyUR7zLU309k9mBC768=",
        "owner": "nix-systems",
        "repo": "default",
        "rev": "da67096a3b9bf56a91d16901293e51ba5b49a27e",
        "type": "github"
      },
      "original": {
        "owner": "nix-systems",
        "repo": "default",
        "type": "github"
      }
    },
    "systems_2": {
      "locked": {
        "lastModified": 1681028828,
        "narHash": "sha256-Vy1rq5AaRuLzOxct8nz4T6wlgyUR7zLU309k9mBC768=",
        "owner": "nix-systems",
        "repo": "default",
        "rev": "da67096a3b9bf56a91d16901293e51ba5b49a27e",
        "type": "github"
      },
      "original": {
        "owner": "nix-systems",
        "repo": "default",
        "type": "github"
      }
    },
    "systems_3": {
      "locked": {
        "lastModified": 1681028828,
        "narHash": "sha256-Vy1rq5AaRuLzOxct8nz4T6wlgyUR7zLU309k9mBC768=",
        "owner": "nix-systems",
        "repo": "default",
        "rev": "da67096a3b9bf56a91d16901293e51ba5b49a27e",
        "type": "github"
      },
      "original": {
        "owner": "nix-systems",
        "repo": "default",
        "type": "github"
      }
    }
  },
  "root": "root",
  "version": 7
}
