{
  "name": "md2adf",
  "version": "1.0.0",
  "lockfileVersion": 3,
  "requires": true,
  "packages": {
    "": {
      "name": "md2adf",
      "version": "1.0.0",
      "dependencies": {
        "@atlaskit/adf-schema": "40.10.0",
        "@atlaskit/editor-json-transformer": "8.31.5",
        "@atlaskit/editor-markdown-transformer": "5.20.4"
      },
      "bin": {
        "md2adf": "index.js"
      }
    },
    "node_modules/@atlaskit/adf-schema": {
      "version": "40.10.0",
      "resolved": "https://registry.npmjs.org/@atlaskit/adf-schema/-/adf-schema-40.10.0.tgz",
      "integrity": "sha512-JpEKvqVpRoFCLSmr1Xe5ixEv79c4Y7FxskzP+yYHJKhsPVdBG0FJjLOTtuaQ8n2dwLxGIOi8dtXfbpCreW7KRQ==",
      "license": "Apache-2.0",
      "dependencies": {
        "@atlaskit/editor-prosemirror": "*",
        "@babel/runtime": "^7.0.0",
        "css-color-names": "0.0.4",
        "linkify-it": "^2.0.3",
        "memoize-one": "^6.0.0"
      }
    },
    "node_modules/@atlaskit/adf-schema-generator": {
      "version": "2.1.2",
      "resolved": "https://registry.npmjs.org/@atlaskit/adf-schema-generator/-/adf-schema-generator-2.1.2.tgz",
      "integrity": "sha512-V7Q9fEdKNfFt5sHYIdwCS9VpaV9OTcZ+QeAR/VUBf2xEZk1rf1RYXiMYfHcre/uFOA1H6GO2fvahPl58jtFJhQ==",
      "license": "Apache-2.0",
      "dependencies": {
        "@atlaskit/editor-prosemirror": "^7.2.0",
        "@babel/runtime": "^7.0.0",
        "lodash": "^4.17.21"
      }
    },
    "node_modules/@atlaskit/adf-utils": {
      "version": "19.27.0",
      "resolved": "https://registry.npmjs.org/@atlaskit/adf-utils/-/adf-utils-19.27.0.tgz",
      "integrity": "sha512-txtHcsABsTH/4KQMjLpboVIP8O+KA+z+/JEXplklm1adjHygccR6L4sd5gBf9RBW5S2GajthkG/VUfaATQ7mSw==",
      "license": "Apache-2.0",
      "dependencies": {
        "@atlaskit/adf-schema": "^51.5.0",
        "@atlaskit/platform-feature-flags": "^1.1.0",
        "@babel/runtime": "^7.0.0"
      }
    },
    "node_modules/@atlaskit/adf-utils/node_modules/@atlaskit/adf-schema": {
      "version": "51.5.21",
      "resolved": "https://registry.npmjs.org/@atlaskit/adf-schema/-/adf-schema-51.5.21.tgz",
      "integrity": "sha512-IUfyheDvwctJTgMnmt2TRIc9w4rgu8MKc3YNk3Np1RUpvJpGWDGw/jkiC+9iHU+A2ASTbnbZjzrhIyp1OKSzlw==",
      "license": "Apache-2.0",
      "dependencies": {
        "@atlaskit/adf-schema-generator": "^2.1.0",
        "@atlaskit/editor-prosemirror": "^7.3.0",
        "@atlaskit/tmp-editor-statsig": "^29.0.0",
        "@babel/runtime": "^7.0.0",
        "css-color-names": "0.0.4",
        "linkify-it": "^3.0.3",
        "memoize-one": "^6.0.0"
      }
    },
    "node_modules/@atlaskit/adf-utils/node_modules/@atlaskit/platform-feature-flags": {
      "version": "1.1.3",
      "resolved": "https://registry.npmjs.org/@atlaskit/platform-feature-flags/-/platform-feature-flags-1.1.3.tgz",
      "integrity": "sha512-dRn6UvVmMF5+WXnv7ZlxKTV2rVQncI2TgM0KTGSqpHdD9LnogITWC/rFjzUuF/W8MBCEvpouGilukqhq6rASnw==",
      "license": "Apache-2.0",
      "dependencies": {
        "@atlaskit/feature-gate-js-client": "^5.5.0",
        "@babel/runtime": "^7.0.0"
      }
    },
    "node_modules/@atlaskit/adf-utils/node_modules/linkify-it": {
      "version": "3.0.3",
      "resolved": "https://registry.npmjs.org/linkify-it/-/linkify-it-3.0.3.tgz",
      "integrity": "sha512-ynTsyrFSdE5oZ/O9GEf00kPngmOfVwazR5GKDq6EYfhlpFug3J2zybX56a2PRRpc9P+FuSoGNAwjlbDs9jJBPQ==",
      "license": "MIT",
      "dependencies": {
        "uc.micro": "^1.0.1"
      }
    },
    "node_modules/@atlaskit/atlassian-context": {
      "version": "0.6.0",
      "resolved": "https://registry.npmjs.org/@atlaskit/atlassian-context/-/atlassian-context-0.6.0.tgz",
      "integrity": "sha512-TjaV1OIjP8DaOyaqzPI5OkYvVckn3hYwE92v8RcdnpOiMKI0taedg1sLXD7x0nPx5MtXPmCJNNVJJprDN7pmxQ==",
      "license": "Apache-2.0",
      "dependencies": {
        "@babel/runtime": "^7.0.0"
      },
      "peerDependencies": {
        "react": "^18.2.0"
      }
    },
    "node_modules/@atlaskit/browser-apis": {
      "version": "0.0.1",
      "resolved": "https://registry.npmjs.org/@atlaskit/browser-apis/-/browser-apis-0.0.1.tgz",
      "integrity": "sha512-XKy1lSkezw6o6D4WBuZrpezwwSHhzwMpiGAkVvaLUZF1WJ+nleQaQk3VEZwEOdmUXvIfIJnTbE1QxqsmsehUbQ==",
      "license": "Apache-2.0",
      "dependencies": {
        "@babel/runtime": "^7.0.0"
      },
      "peerDependencies": {
        "react": "^18.2.0"
      }
    },
    "node_modules/@atlaskit/editor-json-transformer": {
      "version": "8.31.5",
      "resolved": "https://registry.npmjs.org/@atlaskit/editor-json-transformer/-/editor-json-transformer-8.31.5.tgz",
      "integrity": "sha512-Vl0fZobUvT2m6LkIBuGqiXn8otlhRxN4VwPxwKQgNAN/8QyzFP/1Nb41vZ9Te7ILfVAqIkDbCpRysdMKcbiQ0w==",
      "license": "Apache-2.0",
      "dependencies": {
        "@atlaskit/adf-schema": "^51.5.0",
        "@atlaskit/adf-utils": "^19.27.0",
        "@atlaskit/editor-prosemirror": "^7.3.0",
        "@babel/runtime": "^7.0.0",
        "lodash": "^4.17.21"
      }
    },
    "node_modules/@atlaskit/editor-json-transformer/node_modules/@atlaskit/adf-schema": {
      "version": "51.5.22",
      "resolved": "https://registry.npmjs.org/@atlaskit/adf-schema/-/adf-schema-51.5.22.tgz",
      "integrity": "sha512-EpguP6XeSMY+nq0xoKUxR3B4P5hxBiV9s/rs7Unowkc6WQQ7df1HVhLoZyj/bpn+e6c6M6P9QVGCRzgoIfvqTw==",
      "license": "Apache-2.0",
      "dependencies": {
        "@atlaskit/adf-schema-generator": "^2.1.0",
        "@atlaskit/editor-prosemirror": "^7.3.0",
        "@atlaskit/tmp-editor-statsig": "^30.0.0",
        "@babel/runtime": "^7.0.0",
        "css-color-names": "0.0.4",
        "linkify-it": "^3.0.3",
        "memoize-one": "^6.0.0"
      }
    },
    "node_modules/@atlaskit/editor-json-transformer/node_modules/@atlaskit/tmp-editor-statsig": {
      "version": "30.0.0",
      "resolved": "https://registry.npmjs.org/@atlaskit/tmp-editor-statsig/-/tmp-editor-statsig-30.0.0.tgz",
      "integrity": "sha512-OApsncqzOwHV/juPgL/ZAd1zDhQ4heraJoT35i6a9wAkL7tWLfd2Ual3jywliBdjjYeN3heOXYfdbhZn9yv5qw==",
      "license": "Apache-2.0",
      "dependencies": {
        "@atlaskit/feature-gate-js-client": "^5.5.0",
        "@atlaskit/react-ufo": "^5.3.0",
        "@babel/runtime": "^7.0.0"
      },
      "peerDependencies": {
        "react": "^18.2.0"
      }
    },
    "node_modules/@atlaskit/editor-json-transformer/node_modules/linkify-it": {
      "version": "3.0.3",
      "resolved": "https://registry.npmjs.org/linkify-it/-/linkify-it-3.0.3.tgz",
      "integrity": "sha512-ynTsyrFSdE5oZ/O9GEf00kPngmOfVwazR5GKDq6EYfhlpFug3J2zybX56a2PRRpc9P+FuSoGNAwjlbDs9jJBPQ==",
      "license": "MIT",
      "dependencies": {
        "uc.micro": "^1.0.1"
      }
    },
    "node_modules/@atlaskit/editor-markdown-transformer": {
      "version": "5.20.4",
      "resolved": "https://registry.npmjs.org/@atlaskit/editor-markdown-transformer/-/editor-markdown-transformer-5.20.4.tgz",
      "integrity": "sha512-V8WV/ZmwxV5zceze4ka5Wd01Qr9jP+YnXc4gpKjRyorEfFjwcGOsLxWT99fLufqbimBlKYJGHIm1Q63IkmAyVg==",
      "license": "MIT",
      "dependencies": {
        "@atlaskit/adf-schema": "^51.5.1",
        "@atlaskit/editor-prosemirror": "7.0.0",
        "@babel/runtime": "^7.0.0",
        "markdown-it": "^13.0.2",
        "markdown-it-table": "^2.0.6"
      }
    },
    "node_modules/@atlaskit/editor-markdown-transformer/node_modules/@atlaskit/adf-schema": {
      "version": "51.5.21",
      "resolved": "https://registry.npmjs.org/@atlaskit/adf-schema/-/adf-schema-51.5.21.tgz",
      "integrity": "sha512-IUfyheDvwctJTgMnmt2TRIc9w4rgu8MKc3YNk3Np1RUpvJpGWDGw/jkiC+9iHU+A2ASTbnbZjzrhIyp1OKSzlw==",
      "license": "Apache-2.0",
      "dependencies": {
        "@atlaskit/adf-schema-generator": "^2.1.0",
        "@atlaskit/editor-prosemirror": "^7.3.0",
        "@atlaskit/tmp-editor-statsig": "^29.0.0",
        "@babel/runtime": "^7.0.0",
        "css-color-names": "0.0.4",
        "linkify-it": "^3.0.3",
        "memoize-one": "^6.0.0"
      }
    },
    "node_modules/@atlaskit/editor-markdown-transformer/node_modules/@atlaskit/adf-schema/node_modules/@atlaskit/editor-prosemirror": {
      "version": "7.3.0",
      "resolved": "https://registry.npmjs.org/@atlaskit/editor-prosemirror/-/editor-prosemirror-7.3.0.tgz",
      "integrity": "sha512-6KB4CuURZ+fU1DJMlmCox6q8T5ooVaCE+eZVrAlcODIfTyLu/wCvJfPJLOJUPZBvzCHqoWCebFmpu39uwUUleg==",
      "license": "Apache-2.0",
      "dependencies": {
        "@babel/runtime": "^7.0.0",
        "prosemirror-commands": "1.7.1",
        "prosemirror-dropcursor": "1.8.2",
        "prosemirror-history": "1.5.0",
        "prosemirror-keymap": "1.2.3",
        "prosemirror-markdown": "1.13.2",
        "prosemirror-model": "1.25.4",
        "prosemirror-state": "1.4.4",
        "prosemirror-transform": "1.10.5",
        "prosemirror-utils": "1.2.2",
        "prosemirror-view": "1.41.5"
      }
    },
    "node_modules/@atlaskit/editor-markdown-transformer/node_modules/@atlaskit/editor-prosemirror": {
      "version": "7.0.0",
      "resolved": "https://registry.npmjs.org/@atlaskit/editor-prosemirror/-/editor-prosemirror-7.0.0.tgz",
      "integrity": "sha512-QRmC4cOoGHKPp685wDnTsN13AcQ/UxVhm2ljLLtDEF+nGsVd0ApfGZul8YL7Aj8U9igmZFW+X+CF5/FwmKYj4w==",
      "license": "Apache-2.0",
      "dependencies": {
        "@atlaskit/platform-feature-flags": "^0.3.0",
        "@babel/runtime": "^7.0.0",
        "prosemirror-commands": "1.6.2",
        "prosemirror-dropcursor": "1.8.1",
        "prosemirror-history": "1.4.1",
        "prosemirror-keymap": "1.2.2",
        "prosemirror-markdown": "1.13.1",
        "prosemirror-model": "1.24.1",
        "prosemirror-state": "1.4.3",
        "prosemirror-transform": "1.10.2",
        "prosemirror-utils": "1.2.2",
        "prosemirror-view": "1.37.1"
      }
    },
    "node_modules/@atlaskit/editor-markdown-transformer/node_modules/@atlaskit/editor-prosemirror/node_modules/linkify-it": {
      "version": "5.0.0",
      "resolved": "https://registry.npmjs.org/linkify-it/-/linkify-it-5.0.0.tgz",
      "integrity": "sha512-5aHCbzQRADcdP+ATqnDuhhJ/MRIqDkZX5pyjFHRRysS8vZ5AbqGEoFIb6pYHPZ+L/OC2Lc+xT8uHVVR5CAK/wQ==",
      "license": "MIT",
      "dependencies": {
        "uc.micro": "^2.0.0"
      }
    },
    "node_modules/@atlaskit/editor-markdown-transformer/node_modules/@atlaskit/editor-prosemirror/node_modules/markdown-it": {
      "version": "14.1.1",
      "resolved": "https://registry.npmjs.org/markdown-it/-/markdown-it-14.1.1.tgz",
      "integrity": "sha512-BuU2qnTti9YKgK5N+IeMubp14ZUKUUw7yeJbkjtosvHiP0AZ5c8IAgEMk79D0eC8F23r4Ac/q8cAIFdm2FtyoA==",
      "license": "MIT",
      "dependencies": {
        "argparse": "^2.0.1",
        "entities": "^4.4.0",
        "linkify-it": "^5.0.0",
        "mdurl": "^2.0.0",
        "punycode.js": "^2.3.1",
        "uc.micro": "^2.1.0"
      },
      "bin": {
        "markdown-it": "bin/markdown-it.mjs"
      }
    },
    "node_modules/@atlaskit/editor-markdown-transformer/node_modules/@atlaskit/editor-prosemirror/node_modules/prosemirror-commands": {
      "version": "1.6.2",
      "resolved": "https://registry.npmjs.org/prosemirror-commands/-/prosemirror-commands-1.6.2.tgz",
      "integrity": "sha512-0nDHH++qcf/BuPLYvmqZTUUsPJUCPBUXt0J1ErTcDIS369CTp773itzLGIgIXG4LJXOlwYCr44+Mh4ii6MP1QA==",
      "license": "MIT",
      "dependencies": {
        "prosemirror-model": "^1.0.0",
        "prosemirror-state": "^1.0.0",
        "prosemirror-transform": "^1.10.2"
      }
    },
    "node_modules/@atlaskit/editor-markdown-transformer/node_modules/@atlaskit/editor-prosemirror/node_modules/prosemirror-dropcursor": {
      "version": "1.8.1",
      "resolved": "https://registry.npmjs.org/prosemirror-dropcursor/-/prosemirror-dropcursor-1.8.1.tgz",
      "integrity": "sha512-M30WJdJZLyXHi3N8vxN6Zh5O8ZBbQCz0gURTfPmTIBNQ5pxrdU7A58QkNqfa98YEjSAL1HUyyU34f6Pm5xBSGw==",
      "license": "MIT",
      "dependencies": {
        "prosemirror-state": "^1.0.0",
        "prosemirror-transform": "^1.1.0",
        "prosemirror-view": "^1.1.0"
      }
    },
    "node_modules/@atlaskit/editor-markdown-transformer/node_modules/@atlaskit/editor-prosemirror/node_modules/prosemirror-history": {
      "version": "1.4.1",
      "resolved": "https://registry.npmjs.org/prosemirror-history/-/prosemirror-history-1.4.1.tgz",
      "integrity": "sha512-2JZD8z2JviJrboD9cPuX/Sv/1ChFng+xh2tChQ2X4bB2HeK+rra/bmJ3xGntCcjhOqIzSDG6Id7e8RJ9QPXLEQ==",
      "license": "MIT",
      "dependencies": {
        "prosemirror-state": "^1.2.2",
        "prosemirror-transform": "^1.0.0",
        "prosemirror-view": "^1.31.0",
        "rope-sequence": "^1.3.0"
      }
    },
    "node_modules/@atlaskit/editor-markdown-transformer/node_modules/@atlaskit/editor-prosemirror/node_modules/prosemirror-keymap": {
      "version": "1.2.2",
      "resolved": "https://registry.npmjs.org/prosemirror-keymap/-/prosemirror-keymap-1.2.2.tgz",
      "integrity": "sha512-EAlXoksqC6Vbocqc0GtzCruZEzYgrn+iiGnNjsJsH4mrnIGex4qbLdWWNza3AW5W36ZRrlBID0eM6bdKH4OStQ==",
      "license": "MIT",
      "dependencies": {
        "prosemirror-state": "^1.0.0",
        "w3c-keyname": "^2.2.0"
      }
    },
    "node_modules/@atlaskit/editor-markdown-transformer/node_modules/@atlaskit/editor-prosemirror/node_modules/prosemirror-markdown": {
      "version": "1.13.1",
      "resolved": "https://registry.npmjs.org/prosemirror-markdown/-/prosemirror-markdown-1.13.1.tgz",
      "integrity": "sha512-Sl+oMfMtAjWtlcZoj/5L/Q39MpEnVZ840Xo330WJWUvgyhNmLBLN7MsHn07s53nG/KImevWHSE6fEj4q/GihHw==",
      "license": "MIT",
      "dependencies": {
        "@types/markdown-it": "^14.0.0",
        "markdown-it": "^14.0.0",
        "prosemirror-model": "^1.20.0"
      }
    },
    "node_modules/@atlaskit/editor-markdown-transformer/node_modules/@atlaskit/editor-prosemirror/node_modules/prosemirror-model": {
      "version": "1.24.1",
      "resolved": "https://registry.npmjs.org/prosemirror-model/-/prosemirror-model-1.24.1.tgz",
      "integrity": "sha512-YM053N+vTThzlWJ/AtPtF1j0ebO36nvbmDy4U7qA2XQB8JVaQp1FmB9Jhrps8s+z+uxhhVTny4m20ptUvhk0Mg==",
      "license": "MIT",
      "dependencies": {
        "orderedmap": "^2.0.0"
      }
    },
    "node_modules/@atlaskit/editor-markdown-transformer/node_modules/@atlaskit/editor-prosemirror/node_modules/prosemirror-state": {
      "version": "1.4.3",
      "resolved": "https://registry.npmjs.org/prosemirror-state/-/prosemirror-state-1.4.3.tgz",
      "integrity": "sha512-goFKORVbvPuAQaXhpbemJFRKJ2aixr+AZMGiquiqKxaucC6hlpHNZHWgz5R7dS4roHiwq9vDctE//CZ++o0W1Q==",
      "license": "MIT",
      "dependencies": {
        "prosemirror-model": "^1.0.0",
        "prosemirror-transform": "^1.0.0",
        "prosemirror-view": "^1.27.0"
      }
    },
    "node_modules/@atlaskit/editor-markdown-transformer/node_modules/@atlaskit/editor-prosemirror/node_modules/prosemirror-transform": {
      "version": "1.10.2",
      "resolved": "https://registry.npmjs.org/prosemirror-transform/-/prosemirror-transform-1.10.2.tgz",
      "integrity": "sha512-2iUq0wv2iRoJO/zj5mv8uDUriOHWzXRnOTVgCzSXnktS/2iQRa3UUQwVlkBlYZFtygw6Nh1+X4mGqoYBINn5KQ==",
      "license": "MIT",
      "dependencies": {
        "prosemirror-model": "^1.21.0"
      }
    },
    "node_modules/@atlaskit/editor-markdown-transformer/node_modules/@atlaskit/editor-prosemirror/node_modules/prosemirror-view": {
      "version": "1.37.1",
      "resolved": "https://registry.npmjs.org/prosemirror-view/-/prosemirror-view-1.37.1.tgz",
      "integrity": "sha512-MEAnjOdXU1InxEmhjgmEzQAikaS6lF3hD64MveTPpjOGNTl87iRLA1HupC/DEV6YuK7m4Q9DHFNTjwIVtqz5NA==",
      "license": "MIT",
      "dependencies": {
        "prosemirror-model": "^1.20.0",
        "prosemirror-state": "^1.0.0",
        "prosemirror-transform": "^1.1.0"
      }
    },
    "node_modules/@atlaskit/editor-markdown-transformer/node_modules/@atlaskit/editor-prosemirror/node_modules/uc.micro": {
      "version": "2.1.0",
      "resolved": "https://registry.npmjs.org/uc.micro/-/uc.micro-2.1.0.tgz",
      "integrity": "sha512-ARDJmphmdvUk6Glw7y9DQ2bFkKBHwQHLi2lsaH6PPmz/Ka9sFOBsBluozhDltWmnv9u/cF6Rt87znRTPV+yp/A==",
      "license": "MIT"
    },
    "node_modules/@atlaskit/editor-markdown-transformer/node_modules/@atlaskit/platform-feature-flags": {
      "version": "0.3.0",
      "resolved": "https://registry.npmjs.org/@atlaskit/platform-feature-flags/-/platform-feature-flags-0.3.0.tgz",
      "integrity": "sha512-/0u5fFJ0Rw2j4M5wzsXgaHO6Ey12oekPCDTRvmmAIp4GO9T2Swbl80bavLAPSOmSHMhHTSuvRxiJveZXfQ21IQ==",
      "license": "Apache-2.0",
      "dependencies": {
        "@babel/runtime": "^7.0.0"
      }
    },
    "node_modules/@atlaskit/editor-markdown-transformer/node_modules/entities": {
      "version": "4.5.0",
      "resolved": "https://registry.npmjs.org/entities/-/entities-4.5.0.tgz",
      "integrity": "sha512-V0hjH4dGPh9Ao5p0MoRY6BVqtwCjhz6vI5LT8AJ55H+4g9/4vbHx1I54fS0XuclLhDHArPQCiMjDxjaL8fPxhw==",
      "license": "BSD-2-Clause",
      "engines": {
        "node": ">=0.12"
      },
      "funding": {
        "url": "https://github.com/fb55/entities?sponsor=1"
      }
    },
    "node_modules/@atlaskit/editor-markdown-transformer/node_modules/linkify-it": {
      "version": "3.0.3",
      "resolved": "https://registry.npmjs.org/linkify-it/-/linkify-it-3.0.3.tgz",
      "integrity": "sha512-ynTsyrFSdE5oZ/O9GEf00kPngmOfVwazR5GKDq6EYfhlpFug3J2zybX56a2PRRpc9P+FuSoGNAwjlbDs9jJBPQ==",
      "license": "MIT",
      "dependencies": {
        "uc.micro": "^1.0.1"
      }
    },
    "node_modules/@atlaskit/editor-markdown-transformer/node_modules/mdurl": {
      "version": "2.0.0",
      "resolved": "https://registry.npmjs.org/mdurl/-/mdurl-2.0.0.tgz",
      "integrity": "sha512-Lf+9+2r+Tdp5wXDXC4PcIBjTDtq4UKjCPMQhKIuzpJNW0b96kVqSwW0bT7FhRSfmAiFYgP+SCRvdrDozfh0U5w==",
      "license": "MIT"
    },
    "node_modules/@atlaskit/editor-prosemirror": {
      "version": "7.3.0",
      "resolved": "https://registry.npmjs.org/@atlaskit/editor-prosemirror/-/editor-prosemirror-7.3.0.tgz",
      "integrity": "sha512-6KB4CuURZ+fU1DJMlmCox6q8T5ooVaCE+eZVrAlcODIfTyLu/wCvJfPJLOJUPZBvzCHqoWCebFmpu39uwUUleg==",
      "license": "Apache-2.0",
      "dependencies": {
        "@babel/runtime": "^7.0.0",
        "prosemirror-commands": "1.7.1",
        "prosemirror-dropcursor": "1.8.2",
        "prosemirror-history": "1.5.0",
        "prosemirror-keymap": "1.2.3",
        "prosemirror-markdown": "1.13.2",
        "prosemirror-model": "1.25.4",
        "prosemirror-state": "1.4.4",
        "prosemirror-transform": "1.10.5",
        "prosemirror-utils": "1.2.2",
        "prosemirror-view": "1.41.5"
      }
    },
    "node_modules/@atlaskit/feature-gate-js-client": {
      "version": "5.5.7",
      "resolved": "https://registry.npmjs.org/@atlaskit/feature-gate-js-client/-/feature-gate-js-client-5.5.7.tgz",
      "integrity": "sha512-m2ATuJChdHLJdFxpfm5HPnBzjtg8yJFLdZmZguP24oFJI1562y7JbOSEmrRtbzyOIuuqjSUrcNA/el3+srkjrw==",
      "license": "Apache-2.0",
      "dependencies": {
        "@atlaskit/atlassian-context": "^0.6.0",
        "@babel/runtime": "^7.0.0",
        "@statsig/client-core": "^3.21.1",
        "@statsig/js-client": "^3.21.1",
        "eventemitter3": "^4.0.0"
      }
    },
    "node_modules/@atlaskit/interaction-context": {
      "version": "3.1.0",
      "resolved": "https://registry.npmjs.org/@atlaskit/interaction-context/-/interaction-context-3.1.0.tgz",
      "integrity": "sha512-LB3T0ATpJ5y7/IVBndNbcjtaNmPcz/8k7+smMibzphmV7xB3HaIyJFEu2JoSmgps66qLXo0ia8Hj7v4dF9zJZw==",
      "license": "Apache-2.0",
      "dependencies": {
        "@babel/runtime": "^7.0.0"
      },
      "peerDependencies": {
        "react": "^18.2.0"
      }
    },
    "node_modules/@atlaskit/react-ufo": {
      "version": "5.3.0",
      "resolved": "https://registry.npmjs.org/@atlaskit/react-ufo/-/react-ufo-5.3.0.tgz",
      "integrity": "sha512-+l1ys+bGCWzCfe2z6Kq6856HY+7ZjOObvYooM17JN9RmsxAtv57VUw4NoeidK48ZGvWd3CWQS//Jquvi66MO+A==",
      "license": "Apache-2.0",
      "dependencies": {
        "@atlaskit/browser-apis": "^0.0.1",
        "@atlaskit/feature-gate-js-client": "^5.5.0",
        "@atlaskit/interaction-context": "^3.1.0",
        "@atlaskit/platform-feature-flags": "^1.1.0",
        "@babel/runtime": "^7.0.0",
        "@opentelemetry/api": "^1.9.0",
        "bind-event-listener": "^3.0.0",
        "bowser-ultralight": "^1.0.6",
        "scheduler": "0.23.2",
        "uuid": "^3.1.0"
      },
      "peerDependencies": {
        "react": "^18.2.0"
      }
    },
    "node_modules/@atlaskit/react-ufo/node_modules/@atlaskit/platform-feature-flags": {
      "version": "1.1.3",
      "resolved": "https://registry.npmjs.org/@atlaskit/platform-feature-flags/-/platform-feature-flags-1.1.3.tgz",
      "integrity": "sha512-dRn6UvVmMF5+WXnv7ZlxKTV2rVQncI2TgM0KTGSqpHdD9LnogITWC/rFjzUuF/W8MBCEvpouGilukqhq6rASnw==",
      "license": "Apache-2.0",
      "dependencies": {
        "@atlaskit/feature-gate-js-client": "^5.5.0",
        "@babel/runtime": "^7.0.0"
      }
    },
    "node_modules/@atlaskit/tmp-editor-statsig": {
      "version": "29.6.2",
      "resolved": "https://registry.npmjs.org/@atlaskit/tmp-editor-statsig/-/tmp-editor-statsig-29.6.2.tgz",
      "integrity": "sha512-+IGEzqKdxRQGzxthwwcEg2rYCKHNEU/3VdX6sRjk+Mx96Swchgf4AFzSpAP+gd7IdUGVfEiYEXaSLzWEZdO5Lg==",
      "license": "Apache-2.0",
      "dependencies": {
        "@atlaskit/feature-gate-js-client": "^5.5.0",
        "@atlaskit/react-ufo": "^5.3.0",
        "@babel/runtime": "^7.0.0"
      },
      "peerDependencies": {
        "react": "^18.2.0"
      }
    },
    "node_modules/@babel/runtime": {
      "version": "7.28.6",
      "resolved": "https://registry.npmjs.org/@babel/runtime/-/runtime-7.28.6.tgz",
      "integrity": "sha512-05WQkdpL9COIMz4LjTxGpPNCdlpyimKppYNoJ5Di5EUObifl8t4tuLuUBBZEpoLYOmfvIWrsp9fCl0HoPRVTdA==",
      "license": "MIT",
      "engines": {
        "node": ">=6.9.0"
      }
    },
    "node_modules/@opentelemetry/api": {
      "version": "1.9.0",
      "resolved": "https://registry.npmjs.org/@opentelemetry/api/-/api-1.9.0.tgz",
      "integrity": "sha512-3giAOQvZiH5F9bMlMiv8+GSPMeqg0dbaeo58/0SlA9sxSqZhnUtxzX9/2FzyhS9sWQf5S0GJE0AKBrFqjpeYcg==",
      "license": "Apache-2.0",
      "engines": {
        "node": ">=8.0.0"
      }
    },
    "node_modules/@statsig/client-core": {
      "version": "3.32.0",
      "resolved": "https://registry.npmjs.org/@statsig/client-core/-/client-core-3.32.0.tgz",
      "integrity": "sha512-/cVPhFt4uvbhK9pI0ju8Ko4ZiJqc5paG9DoYZCtdy79ChA5LJ2gEo6L8qAvOfXQ9huYSSrwaFpv/29oJfXlEiw==",
      "license": "ISC"
    },
    "node_modules/@statsig/js-client": {
      "version": "3.32.0",
      "resolved": "https://registry.npmjs.org/@statsig/js-client/-/js-client-3.32.0.tgz",
      "integrity": "sha512-TNsVTThSKRaRTb1bI5ZxL6lL63TukB2pcYcl4arWUt+8vdzZMlTRgRDFOxe3+vNj1HLSeF1NINWEflGSg7CDzQ==",
      "license": "ISC",
      "dependencies": {
        "@statsig/client-core": "3.32.0"
      }
    },
    "node_modules/@types/linkify-it": {
      "version": "5.0.0",
      "resolved": "https://registry.npmjs.org/@types/linkify-it/-/linkify-it-5.0.0.tgz",
      "integrity": "sha512-sVDA58zAw4eWAffKOaQH5/5j3XeayukzDk+ewSsnv3p4yJEZHCCzMDiZM8e0OUrRvmpGZ85jf4yDHkHsgBNr9Q==",
      "license": "MIT"
    },
    "node_modules/@types/markdown-it": {
      "version": "14.1.2",
      "resolved": "https://registry.npmjs.org/@types/markdown-it/-/markdown-it-14.1.2.tgz",
      "integrity": "sha512-promo4eFwuiW+TfGxhi+0x3czqTYJkG8qB17ZUJiVF10Xm7NLVRSLUsfRTU/6h1e24VvRnXCx+hG7li58lkzog==",
      "license": "MIT",
      "dependencies": {
        "@types/linkify-it": "^5",
        "@types/mdurl": "^2"
      }
    },
    "node_modules/@types/mdurl": {
      "version": "2.0.0",
      "resolved": "https://registry.npmjs.org/@types/mdurl/-/mdurl-2.0.0.tgz",
      "integrity": "sha512-RGdgjQUZba5p6QEFAVx2OGb8rQDL/cPRG7GiedRzMcJ1tYnUANBncjbSB1NRGwbvjcPeikRABz2nshyPk1bhWg==",
      "license": "MIT"
    },
    "node_modules/argparse": {
      "version": "2.0.1",
      "resolved": "https://registry.npmjs.org/argparse/-/argparse-2.0.1.tgz",
      "integrity": "sha512-8+9WqebbFzpX9OR+Wa6O29asIogeRMzcGtAINdpMHHyAg10f05aSFVBbcEqGf/PXw1EjAZ+q2/bEBg3DvurK3Q==",
      "license": "Python-2.0"
    },
    "node_modules/bind-event-listener": {
      "version": "3.0.0",
      "resolved": "https://registry.npmjs.org/bind-event-listener/-/bind-event-listener-3.0.0.tgz",
      "integrity": "sha512-PJvH288AWQhKs2v9zyfYdPzlPqf5bXbGMmhmUIY9x4dAUGIWgomO771oBQNwJnMQSnUIXhKu6sgzpBRXTlvb8Q==",
      "license": "MIT"
    },
    "node_modules/bowser-ultralight": {
      "version": "1.0.6",
      "resolved": "https://registry.npmjs.org/bowser-ultralight/-/bowser-ultralight-1.0.6.tgz",
      "integrity": "sha512-ASWi8n3c6JvsUhbjproHnT4Mdhs4Q9wOxq1oSjUkM2e5StEEUmy1ej4UNOLSyeU4ANQFTx+mY+bsv/aH+AIcpg==",
      "license": "MIT"
    },
    "node_modules/css-color-names": {
      "version": "0.0.4",
      "resolved": "https://registry.npmjs.org/css-color-names/-/css-color-names-0.0.4.tgz",
      "integrity": "sha512-zj5D7X1U2h2zsXOAM8EyUREBnnts6H+Jm+d1M2DbiQQcUtnqgQsMrdo8JW9R80YFUmIdBZeMu5wvYM7hcgWP/Q==",
      "license": "MIT",
      "engines": {
        "node": "*"
      }
    },
    "node_modules/entities": {
      "version": "3.0.1",
      "resolved": "https://registry.npmjs.org/entities/-/entities-3.0.1.tgz",
      "integrity": "sha512-WiyBqoomrwMdFG1e0kqvASYfnlb0lp8M5o5Fw2OFq1hNZxxcNk8Ik0Xm7LxzBhuidnZB/UtBqVCgUz3kBOP51Q==",
      "license": "BSD-2-Clause",
      "engines": {
        "node": ">=0.12"
      },
      "funding": {
        "url": "https://github.com/fb55/entities?sponsor=1"
      }
    },
    "node_modules/eventemitter3": {
      "version": "4.0.7",
      "resolved": "https://registry.npmjs.org/eventemitter3/-/eventemitter3-4.0.7.tgz",
      "integrity": "sha512-8guHBZCwKnFhYdHr2ysuRWErTwhoN2X8XELRlrRwpmfeY2jjuUN4taQMsULKUVo1K4DvZl+0pgfyoysHxvmvEw==",
      "license": "MIT"
    },
    "node_modules/js-tokens": {
      "version": "4.0.0",
      "resolved": "https://registry.npmjs.org/js-tokens/-/js-tokens-4.0.0.tgz",
      "integrity": "sha512-RdJUflcE3cUzKiMqQgsCu06FPu9UdIJO0beYbPhHN4k6apgJtifcoCtT9bcxOpYBtpD2kCM6Sbzg4CausW/PKQ==",
      "license": "MIT"
    },
    "node_modules/linkify-it": {
      "version": "2.2.0",
      "resolved": "https://registry.npmjs.org/linkify-it/-/linkify-it-2.2.0.tgz",
      "integrity": "sha512-GnAl/knGn+i1U/wjBz3akz2stz+HrHLsxMwHQGofCDfPvlf+gDKN58UtfmUquTY4/MXeE2x7k19KQmeoZi94Iw==",
      "license": "MIT",
      "dependencies": {
        "uc.micro": "^1.0.1"
      }
    },
    "node_modules/lodash": {
      "version": "4.17.23",
      "resolved": "https://registry.npmjs.org/lodash/-/lodash-4.17.23.tgz",
      "integrity": "sha512-LgVTMpQtIopCi79SJeDiP0TfWi5CNEc/L/aRdTh3yIvmZXTnheWpKjSZhnvMl8iXbC1tFg9gdHHDMLoV7CnG+w==",
      "license": "MIT"
    },
    "node_modules/loose-envify": {
      "version": "1.4.0",
      "resolved": "https://registry.npmjs.org/loose-envify/-/loose-envify-1.4.0.tgz",
      "integrity": "sha512-lyuxPGr/Wfhrlem2CL/UcnUc1zcqKAImBDzukY7Y5F/yQiNdko6+fRLevlw1HgMySw7f611UIY408EtxRSoK3Q==",
      "license": "MIT",
      "dependencies": {
        "js-tokens": "^3.0.0 || ^4.0.0"
      },
      "bin": {
        "loose-envify": "cli.js"
      }
    },
    "node_modules/markdown-it": {
      "version": "13.0.2",
      "resolved": "https://registry.npmjs.org/markdown-it/-/markdown-it-13.0.2.tgz",
      "integrity": "sha512-FtwnEuuK+2yVU7goGn/MJ0WBZMM9ZPgU9spqlFs7/A/pDIUNSOQZhUgOqYCficIuR2QaFnrt8LHqBWsbTAoI5w==",
      "license": "MIT",
      "dependencies": {
        "argparse": "^2.0.1",
        "entities": "~3.0.1",
        "linkify-it": "^4.0.1",
        "mdurl": "^1.0.1",
        "uc.micro": "^1.0.5"
      },
      "bin": {
        "markdown-it": "bin/markdown-it.js"
      }
    },
    "node_modules/markdown-it-table": {
      "version": "2.0.6",
      "resolved": "https://registry.npmjs.org/markdown-it-table/-/markdown-it-table-2.0.6.tgz",
      "integrity": "sha512-TvVf4yCSK8YrxnOldEehkkHlDy4Tzk+QrMf1/YVo+YIwzZZyoyy80blnVVsbluNJ3WiebTkXepqbOZh0ONunbA==",
      "license": "MIT",
      "engines": {
        "node": "*"
      }
    },
    "node_modules/markdown-it/node_modules/linkify-it": {
      "version": "4.0.1",
      "resolved": "https://registry.npmjs.org/linkify-it/-/linkify-it-4.0.1.tgz",
      "integrity": "sha512-C7bfi1UZmoj8+PQx22XyeXCuBlokoyWQL5pWSP+EI6nzRylyThouddufc2c1NDIcP9k5agmN9fLpA7VNJfIiqw==",
      "license": "MIT",
      "dependencies": {
        "uc.micro": "^1.0.1"
      }
    },
    "node_modules/mdurl": {
      "version": "1.0.1",
      "resolved": "https://registry.npmjs.org/mdurl/-/mdurl-1.0.1.tgz",
      "integrity": "sha512-/sKlQJCBYVY9Ers9hqzKou4H6V5UWc/M59TH2dvkt+84itfnq7uFOMLpOiOS4ujvHP4etln18fmIxA5R5fll0g==",
      "license": "MIT"
    },
    "node_modules/memoize-one": {
      "version": "6.0.0",
      "resolved": "https://registry.npmjs.org/memoize-one/-/memoize-one-6.0.0.tgz",
      "integrity": "sha512-rkpe71W0N0c0Xz6QD0eJETuWAJGnJ9afsl1srmwPrI+yBCkge5EycXXbYRyvL29zZVUWQCY7InPRCv3GDXuZNw==",
      "license": "MIT"
    },
    "node_modules/orderedmap": {
      "version": "2.1.1",
      "resolved": "https://registry.npmjs.org/orderedmap/-/orderedmap-2.1.1.tgz",
      "integrity": "sha512-TvAWxi0nDe1j/rtMcWcIj94+Ffe6n7zhow33h40SKxmsmozs6dz/e+EajymfoFcHd7sxNn8yHM8839uixMOV6g==",
      "license": "MIT"
    },
    "node_modules/prosemirror-commands": {
      "version": "1.7.1",
      "resolved": "https://registry.npmjs.org/prosemirror-commands/-/prosemirror-commands-1.7.1.tgz",
      "integrity": "sha512-rT7qZnQtx5c0/y/KlYaGvtG411S97UaL6gdp6RIZ23DLHanMYLyfGBV5DtSnZdthQql7W+lEVbpSfwtO8T+L2w==",
      "license": "MIT",
      "dependencies": {
        "prosemirror-model": "^1.0.0",
        "prosemirror-state": "^1.0.0",
        "prosemirror-transform": "^1.10.2"
      }
    },
    "node_modules/prosemirror-dropcursor": {
      "version": "1.8.2",
      "resolved": "https://registry.npmjs.org/prosemirror-dropcursor/-/prosemirror-dropcursor-1.8.2.tgz",
      "integrity": "sha512-CCk6Gyx9+Tt2sbYk5NK0nB1ukHi2ryaRgadV/LvyNuO3ena1payM2z6Cg0vO1ebK8cxbzo41ku2DE5Axj1Zuiw==",
      "license": "MIT",
      "dependencies": {
        "prosemirror-state": "^1.0.0",
        "prosemirror-transform": "^1.1.0",
        "prosemirror-view": "^1.1.0"
      }
    },
    "node_modules/prosemirror-history": {
      "version": "1.5.0",
      "resolved": "https://registry.npmjs.org/prosemirror-history/-/prosemirror-history-1.5.0.tgz",
      "integrity": "sha512-zlzTiH01eKA55UAf1MEjtssJeHnGxO0j4K4Dpx+gnmX9n+SHNlDqI2oO1Kv1iPN5B1dm5fsljCfqKF9nFL6HRg==",
      "license": "MIT",
      "dependencies": {
        "prosemirror-state": "^1.2.2",
        "prosemirror-transform": "^1.0.0",
        "prosemirror-view": "^1.31.0",
        "rope-sequence": "^1.3.0"
      }
    },
    "node_modules/prosemirror-keymap": {
      "version": "1.2.3",
      "resolved": "https://registry.npmjs.org/prosemirror-keymap/-/prosemirror-keymap-1.2.3.tgz",
      "integrity": "sha512-4HucRlpiLd1IPQQXNqeo81BGtkY8Ai5smHhKW9jjPKRc2wQIxksg7Hl1tTI2IfT2B/LgX6bfYvXxEpJl7aKYKw==",
      "license": "MIT",
      "dependencies": {
        "prosemirror-state": "^1.0.0",
        "w3c-keyname": "^2.2.0"
      }
    },
    "node_modules/prosemirror-markdown": {
      "version": "1.13.2",
      "resolved": "https://registry.npmjs.org/prosemirror-markdown/-/prosemirror-markdown-1.13.2.tgz",
      "integrity": "sha512-FPD9rHPdA9fqzNmIIDhhnYQ6WgNoSWX9StUZ8LEKapaXU9i6XgykaHKhp6XMyXlOWetmaFgGDS/nu/w9/vUc5g==",
      "license": "MIT",
      "dependencies": {
        "@types/markdown-it": "^14.0.0",
        "markdown-it": "^14.0.0",
        "prosemirror-model": "^1.25.0"
      }
    },
    "node_modules/prosemirror-markdown/node_modules/entities": {
      "version": "4.5.0",
      "resolved": "https://registry.npmjs.org/entities/-/entities-4.5.0.tgz",
      "integrity": "sha512-V0hjH4dGPh9Ao5p0MoRY6BVqtwCjhz6vI5LT8AJ55H+4g9/4vbHx1I54fS0XuclLhDHArPQCiMjDxjaL8fPxhw==",
      "license": "BSD-2-Clause",
      "engines": {
        "node": ">=0.12"
      },
      "funding": {
        "url": "https://github.com/fb55/entities?sponsor=1"
      }
    },
    "node_modules/prosemirror-markdown/node_modules/linkify-it": {
      "version": "5.0.0",
      "resolved": "https://registry.npmjs.org/linkify-it/-/linkify-it-5.0.0.tgz",
      "integrity": "sha512-5aHCbzQRADcdP+ATqnDuhhJ/MRIqDkZX5pyjFHRRysS8vZ5AbqGEoFIb6pYHPZ+L/OC2Lc+xT8uHVVR5CAK/wQ==",
      "license": "MIT",
      "dependencies": {
        "uc.micro": "^2.0.0"
      }
    },
    "node_modules/prosemirror-markdown/node_modules/markdown-it": {
      "version": "14.1.1",
      "resolved": "https://registry.npmjs.org/markdown-it/-/markdown-it-14.1.1.tgz",
      "integrity": "sha512-BuU2qnTti9YKgK5N+IeMubp14ZUKUUw7yeJbkjtosvHiP0AZ5c8IAgEMk79D0eC8F23r4Ac/q8cAIFdm2FtyoA==",
      "license": "MIT",
      "dependencies": {
        "argparse": "^2.0.1",
        "entities": "^4.4.0",
        "linkify-it": "^5.0.0",
        "mdurl": "^2.0.0",
        "punycode.js": "^2.3.1",
        "uc.micro": "^2.1.0"
      },
      "bin": {
        "markdown-it": "bin/markdown-it.mjs"
      }
    },
    "node_modules/prosemirror-markdown/node_modules/mdurl": {
      "version": "2.0.0",
      "resolved": "https://registry.npmjs.org/mdurl/-/mdurl-2.0.0.tgz",
      "integrity": "sha512-Lf+9+2r+Tdp5wXDXC4PcIBjTDtq4UKjCPMQhKIuzpJNW0b96kVqSwW0bT7FhRSfmAiFYgP+SCRvdrDozfh0U5w==",
      "license": "MIT"
    },
    "node_modules/prosemirror-markdown/node_modules/uc.micro": {
      "version": "2.1.0",
      "resolved": "https://registry.npmjs.org/uc.micro/-/uc.micro-2.1.0.tgz",
      "integrity": "sha512-ARDJmphmdvUk6Glw7y9DQ2bFkKBHwQHLi2lsaH6PPmz/Ka9sFOBsBluozhDltWmnv9u/cF6Rt87znRTPV+yp/A==",
      "license": "MIT"
    },
    "node_modules/prosemirror-model": {
      "version": "1.25.4",
      "resolved": "https://registry.npmjs.org/prosemirror-model/-/prosemirror-model-1.25.4.tgz",
      "integrity": "sha512-PIM7E43PBxKce8OQeezAs9j4TP+5yDpZVbuurd1h5phUxEKIu+G2a+EUZzIC5nS1mJktDJWzbqS23n1tsAf5QA==",
      "license": "MIT",
      "dependencies": {
        "orderedmap": "^2.0.0"
      }
    },
    "node_modules/prosemirror-state": {
      "version": "1.4.4",
      "resolved": "https://registry.npmjs.org/prosemirror-state/-/prosemirror-state-1.4.4.tgz",
      "integrity": "sha512-6jiYHH2CIGbCfnxdHbXZ12gySFY/fz/ulZE333G6bPqIZ4F+TXo9ifiR86nAHpWnfoNjOb3o5ESi7J8Uz1jXHw==",
      "license": "MIT",
      "dependencies": {
        "prosemirror-model": "^1.0.0",
        "prosemirror-transform": "^1.0.0",
        "prosemirror-view": "^1.27.0"
      }
    },
    "node_modules/prosemirror-transform": {
      "version": "1.10.5",
      "resolved": "https://registry.npmjs.org/prosemirror-transform/-/prosemirror-transform-1.10.5.tgz",
      "integrity": "sha512-RPDQCxIDhIBb1o36xxwsaeAvivO8VLJcgBtzmOwQ64bMtsVFh5SSuJ6dWSxO1UsHTiTXPCgQm3PDJt7p6IOLbw==",
      "license": "MIT",
      "dependencies": {
        "prosemirror-model": "^1.21.0"
      }
    },
    "node_modules/prosemirror-utils": {
      "version": "1.2.2",
      "resolved": "https://registry.npmjs.org/prosemirror-utils/-/prosemirror-utils-1.2.2.tgz",
      "integrity": "sha512-7a2MPf99oCW8/587rQYI1/snX71Ban40+apr1hLkY8TmU9YXd7JeR6QsmktcTisJURO3WRjxIia4lTMsYgZVOw==",
      "license": "Apache-2.0",
      "peerDependencies": {
        "prosemirror-model": "^1.19.2",
        "prosemirror-state": "^1.4.3"
      }
    },
    "node_modules/prosemirror-view": {
      "version": "1.41.5",
      "resolved": "https://registry.npmjs.org/prosemirror-view/-/prosemirror-view-1.41.5.tgz",
      "integrity": "sha512-UDQbIPnDrjE8tqUBbPmCOZgtd75htE6W3r0JCmY9bL6W1iemDM37MZEKC49d+tdQ0v/CKx4gjxLoLsfkD2NiZA==",
      "license": "MIT",
      "dependencies": {
        "prosemirror-model": "^1.20.0",
        "prosemirror-state": "^1.0.0",
        "prosemirror-transform": "^1.1.0"
      }
    },
    "node_modules/punycode.js": {
      "version": "2.3.1",
      "resolved": "https://registry.npmjs.org/punycode.js/-/punycode.js-2.3.1.tgz",
      "integrity": "sha512-uxFIHU0YlHYhDQtV4R9J6a52SLx28BCjT+4ieh7IGbgwVJWO+km431c4yRlREUAsAmt/uMjQUyQHNEPf0M39CA==",
      "license": "MIT",
      "engines": {
        "node": ">=6"
      }
    },
    "node_modules/react": {
      "version": "18.3.1",
      "resolved": "https://registry.npmjs.org/react/-/react-18.3.1.tgz",
      "integrity": "sha512-wS+hAgJShR0KhEvPJArfuPVN1+Hz1t0Y6n5jLrGQbkb4urgPE/0Rve+1kMB1v/oWgHgm4WIcV+i7F2pTVj+2iQ==",
      "license": "MIT",
      "peer": true,
      "dependencies": {
        "loose-envify": "^1.1.0"
      },
      "engines": {
        "node": ">=0.10.0"
      }
    },
    "node_modules/rope-sequence": {
      "version": "1.3.4",
      "resolved": "https://registry.npmjs.org/rope-sequence/-/rope-sequence-1.3.4.tgz",
      "integrity": "sha512-UT5EDe2cu2E/6O4igUr5PSFs23nvvukicWHx6GnOPlHAiiYbzNuCRQCuiUdHJQcqKalLKlrYJnjY0ySGsXNQXQ==",
      "license": "MIT"
    },
    "node_modules/scheduler": {
      "version": "0.23.2",
      "resolved": "https://registry.npmjs.org/scheduler/-/scheduler-0.23.2.tgz",
      "integrity": "sha512-UOShsPwz7NrMUqhR6t0hWjFduvOzbtv7toDH1/hIrfRNIDBnnBWd0CwJTGvTpngVlmwGCdP9/Zl/tVrDqcuYzQ==",
      "license": "MIT",
      "dependencies": {
        "loose-envify": "^1.1.0"
      }
    },
    "node_modules/uc.micro": {
      "version": "1.0.6",
      "resolved": "https://registry.npmjs.org/uc.micro/-/uc.micro-1.0.6.tgz",
      "integrity": "sha512-8Y75pvTYkLJW2hWQHXxoqRgV7qb9B+9vFEtidML+7koHUFapnVJAZ6cKs+Qjz5Aw3aZWHMC6u0wJE3At+nSGwA==",
      "license": "MIT"
    },
    "node_modules/uuid": {
      "version": "3.4.0",
      "resolved": "https://registry.npmjs.org/uuid/-/uuid-3.4.0.tgz",
      "integrity": "sha512-HjSDRw6gZE5JMggctHBcjVak08+KEVhSIiDzFnT9S9aegmp85S/bReBVTb4QTFaRNptJ9kuYaNhnbNEOkbKb/A==",
      "deprecated": "Please upgrade  to version 7 or higher.  Older versions may use Math.random() in certain circumstances, which is known to be problematic.  See https://v8.dev/blog/math-random for details.",
      "license": "MIT",
      "bin": {
        "uuid": "bin/uuid"
      }
    },
    "node_modules/w3c-keyname": {
      "version": "2.2.8",
      "resolved": "https://registry.npmjs.org/w3c-keyname/-/w3c-keyname-2.2.8.tgz",
      "integrity": "sha512-dpojBhNsCNN7T82Tm7k26A6G9ML3NkhDsnw9n/eoxSRlVBB4CEtIQ/KTCLI2Fwf3ataSXRhYFkQi3SlnFwPvPQ==",
      "license": "MIT"
    }
  }
}
