{
  "name": "context-mode-deps",
  "version": "1.0.0",
  "lockfileVersion": 3,
  "requires": true,
  "packages": {
    "": {
      "name": "context-mode-deps",
      "version": "1.0.0",
      "dependencies": {
        "@mixmark-io/domino": "2.2.0",
        "better-sqlite3": "13.0.1",
        "turndown": "7.2.2",
        "turndown-plugin-gfm": "1.0.2"
      }
    },
    "node_modules/@mixmark-io/domino": {
      "version": "2.2.0",
      "resolved": "https://registry.npmjs.org/@mixmark-io/domino/-/domino-2.2.0.tgz",
      "integrity": "sha512-Y28PR25bHXUg88kCV7nivXrP2Nj2RueZ3/l/jdx6J9f8J4nsEGcgX0Qe6lt7Pa+J79+kPiJU3LguR6O/6zrLOw==",
      "license": "BSD-2-Clause"
    },
    "node_modules/better-sqlite3": {
      "version": "13.0.1",
      "resolved": "https://registry.npmjs.org/better-sqlite3/-/better-sqlite3-13.0.1.tgz",
      "integrity": "sha512-LYpmOXdkpQYf4wmlxkdzW01XGlOXNIbjLg45yNkh0FQ4814VbK9PdOFmhZpYbej+EZtR/i3FDdhEG98HqZdgnA==",
      "hasInstallScript": true,
      "license": "MIT",
      "dependencies": {
        "node-addon-api": "^8.0.0"
      },
      "engines": {
        "node": ">=22"
      }
    },
    "node_modules/node-addon-api": {
      "version": "8.9.0",
      "resolved": "https://registry.npmjs.org/node-addon-api/-/node-addon-api-8.9.0.tgz",
      "integrity": "sha512-ekZMeaaIzSQTSpr7X2X3iJM7lTzgnx8ahAG9pJfT/7+14mlEM8ZYQ9cgCDvSSRbReFK0oHli3WrZdCiRsgAT9Q==",
      "license": "MIT",
      "engines": {
        "node": "^18 || ^20 || >= 21"
      }
    },
    "node_modules/turndown": {
      "version": "7.2.2",
      "resolved": "https://registry.npmjs.org/turndown/-/turndown-7.2.2.tgz",
      "integrity": "sha512-1F7db8BiExOKxjSMU2b7if62D/XOyQyZbPKq/nUwopfgnHlqXHqQ0lvfUTeUIr1lZJzOPFn43dODyMSIfvWRKQ==",
      "license": "MIT",
      "dependencies": {
        "@mixmark-io/domino": "^2.2.0"
      }
    },
    "node_modules/turndown-plugin-gfm": {
      "version": "1.0.2",
      "resolved": "https://registry.npmjs.org/turndown-plugin-gfm/-/turndown-plugin-gfm-1.0.2.tgz",
      "integrity": "sha512-vwz9tfvF7XN/jE0dGoBei3FXWuvll78ohzCZQuOb+ZjWrs3a0XhQVomJEb2Qh4VHTPNRO4GPZh0V7VRbiWwkRg==",
      "license": "MIT"
    }
  }
}
